// !$*UTF8*$!
{
	archiveVersion = 1;
	classes = {
	};
	objectVersion = 55;
	objects = {

/* Begin PBXBuildFile section */
		87CA00E329127103008EDB44 /* AppDelegate.swift in Sources */ = {isa = PBXBuildFile; fileRef = 87CA00E229127103008EDB44 /* AppDelegate.swift */; };
		87CA00E529127103008EDB44 /* SceneDelegate.swift in Sources */ = {isa = PBXBuildFile; fileRef = 87CA00E429127103008EDB44 /* SceneDelegate.swift */; };
		87CA00E729127103008EDB44 /* ViewController.swift in Sources */ = {isa = PBXBuildFile; fileRef = 87CA00E629127103008EDB44 /* ViewController.swift */; };
		87CA00EA29127103008EDB44 /* Main.storyboard in Resources */ = {isa = PBXBuildFile; fileRef = 87CA00E829127103008EDB44 /* Main.storyboard */; };
		87CA00EC29127104008EDB44 /* Assets.xcassets in Resources */ = {isa = PBXBuildFile; fileRef = 87CA00EB29127104008EDB44 /* Assets.xcassets */; };
		87CA00EF29127104008EDB44 /* LaunchScreen.storyboard in Resources */ = {isa = PBXBuildFile; fileRef = 87CA00ED29127104008EDB44 /* LaunchScreen.storyboard */; };
		87CA00FA29127105008EDB44 /* najahniTests.swift in Sources */ = {isa = PBXBuildFile; fileRef = 87CA00F929127105008EDB44 /* najahniTests.swift */; };
		87CA010429127105008EDB44 /* najahniUITests.swift in Sources */ = {isa = PBXBuildFile; fileRef = 87CA010329127105008EDB44 /* najahniUITests.swift */; };
		87CA010629127105008EDB44 /* najahniUITestsLaunchTests.swift in Sources */ = {isa = PBXBuildFile; fileRef = 87CA010529127105008EDB44 /* najahniUITestsLaunchTests.swift */; };
/* End PBXBuildFile section */

/* Begin PBXContainerItemProxy section */
		87CA00F629127105008EDB44 /* PBXContainerItemProxy */ = {
			isa = PBXContainerItemProxy;
			containerPortal = 87CA00D729127103008EDB44 /* Project object */;
			proxyType = 1;
			remoteGlobalIDString = 87CA00DE29127103008EDB44;
			remoteInfo = najahni;
		};
		87CA010029127105008EDB44 /* PBXContainerItemProxy */ = {
			isa = PBXContainerItemProxy;
			containerPortal = 87CA00D729127103008EDB44 /* Project object */;
			proxyType = 1;
			remoteGlobalIDString = 87CA00DE29127103008EDB44;
			remoteInfo = najahni;
		};
/* End PBXContainerItemProxy section */

/* Begin PBXFileReference section */
		87CA00DF29127103008EDB44 /* najahni.app */ = {isa = PBXFileReference; explicitFileType = wrapper.application; includeInIndex = 0; path = najahni.app; sourceTree = BUILT_PRODUCTS_DIR; };
		87CA00E229127103008EDB44 /* AppDelegate.swift */ = {isa = PBXFileReference; lastKnownFileType = sourcecode.swift; path = AppDelegate.swift; sourceTree = "<group>"; };
		87CA00E429127103008EDB44 /* SceneDelegate.swift */ = {isa = PBXFileReference; lastKnownFileType = sourcecode.swift; path = SceneDelegate.swift; sourceTree = "<group>"; };
		87CA00E629127103008EDB44 /* ViewController.swift */ = {isa = PBXFileReference; lastKnownFileType = sourcecode.swift; path = ViewController.swift; sourceTree = "<group>"; };
		87CA00E929127103008EDB44 /* Base */ = {isa = PBXFileReference; lastKnownFileType = file.storyboard; name = Base; path = Base.lproj/Main.storyboard; sourceTree = "<group>"; };
		87CA00EB29127104008EDB44 /* Assets.xcassets */ = {isa = PBXFileReference; lastKnownFileType = folder.assetcatalog; path = Assets.xcassets; sourceTree = "<group>"; };
		87CA00EE29127104008EDB44 /* Base */ = {isa = PBXFileReference; lastKnownFileType = file.storyboard; name = Base; path = Base.lproj/LaunchScreen.storyboard; sourceTree = "<group>"; };
		87CA00F029127104008EDB44 /* Info.plist */ = {isa = PBXFileReference; lastKnownFileType = text.plist.xml; path = Info.plist; sourceTree = "<group>"; };
		87CA00F529127105008EDB44 /* najahniTests.xctest */ = {isa = PBXFileReference; explicitFileType = wrapper.cfbundle; includeInIndex = 0; path = najahniTests.xctest; sourceTree = BUILT_PRODUCTS_DIR; };
		87CA00F929127105008EDB44 /* najahniTests.swift */ = {isa = PBXFileReference; lastKnownFileType = sourcecode.swift; path = najahniTests.swift; sourceTree = "<group>"; };
		87CA00FF29127105008EDB44 /* najahniUITests.xctest */ = {isa = PBXFileReference; explicitFileType = wrapper.cfbundle; includeInIndex = 0; path = najahniUITests.xctest; sourceTree = BUILT_PRODUCTS_DIR; };
		87CA010329127105008EDB44 /* najahniUITests.swift */ = {isa = PBXFileReference; lastKnownFileType = sourcecode.swift; path = najahniUITests.swift; sourceTree = "<group>"; };
		87CA010529127105008EDB44 /* najahniUITestsLaunchTests.swift */ = {isa = PBXFileReference; lastKnownFileType = sourcecode.swift; path = najahniUITestsLaunchTests.swift; sourceTree = "<group>"; };
/* End PBXFileReference section */

/* Begin PBXFrameworksBuildPhase section */
		87CA00DC29127103008EDB44 /* Frameworks */ = {
			isa = PBXFrameworksBuildPhase;
			buildActionMask = 2147483647;
			files = (
			);
			runOnlyForDeploymentPostprocessing = 0;
		};
		87CA00F229127105008EDB44 /* Frameworks */ = {
			isa = PBXFrameworksBuildPhase;
			buildActionMask = 2147483647;
			files = (
			);
			runOnlyForDeploymentPostprocessing = 0;
		};
		87CA00FC29127105008EDB44 /* Frameworks */ = {
			isa = PBXFrameworksBuildPhase;
			buildActionMask = 2147483647;
			files = (
			);
			runOnlyForDeploymentPostprocessing = 0;
		};
/* End PBXFrameworksBuildPhase section */

/* Begin PBXGroup section */
		87CA00D629127103008EDB44 = {
			isa = PBXGroup;
			children = (
				87CA00E129127103008EDB44 /* najahni */,
				87CA00F829127105008EDB44 /* najahniTests */,
				87CA010229127105008EDB44 /* najahniUITests */,
				87CA00E029127103008EDB44 /* Products */,
			);
			sourceTree = "<group>";
		};
		87CA00E029127103008EDB44 /* Products */ = {
			isa = PBXGroup;
			children = (
				87CA00DF29127103008EDB44 /* najahni.app */,
				87CA00F529127105008EDB44 /* najahniTests.xctest */,
				87CA00FF29127105008EDB44 /* najahniUITests.xctest */,
			);
			name = Products;
			sourceTree = "<group>";
		};
		87CA00E129127103008EDB44 /* najahni */ = {
			isa = PBXGroup;
			children = (
				87CA00E229127103008EDB44 /* AppDelegate.swift */,
				87CA00E429127103008EDB44 /* SceneDelegate.swift */,
				87CA00E629127103008EDB44 /* ViewController.swift */,
				87CA00E829127103008EDB44 /* Main.storyboard */,
				87CA00EB29127104008EDB44 /* Assets.xcassets */,
				87CA00ED29127104008EDB44 /* LaunchScreen.storyboard */,
				87CA00F029127104008EDB44 /* Info.plist */,
			);
			path = najahni;
			sourceTree = "<group>";
		};
		87CA00F829127105008EDB44 /* najahniTests */ = {
			isa = PBXGroup;
			children = (
				87CA00F929127105008EDB44 /* najahniTests.swift */,
			);
			path = najahniTests;
			sourceTree = "<group>";
		};
		87CA010229127105008EDB44 /* najahniUITests */ = {
			isa = PBXGroup;
			children = (
				87CA010329127105008EDB44 /* najahniUITests.swift */,
				87CA010529127105008EDB44 /* najahniUITestsLaunchTests.swift */,
			);
			path = najahniUITests;
			sourceTree = "<group>";
		};
/* End PBXGroup section */

/* Begin PBXNativeTarget section */
		87CA00DE29127103008EDB44 /* najahni */ = {
			isa = PBXNativeTarget;
			buildConfigurationList = 87CA010929127105008EDB44 /* Build configuration list for PBXNativeTarget "najahni" */;
			buildPhases = (
				87CA00DB29127103008EDB44 /* Sources */,
				87CA00DC29127103008EDB44 /* Frameworks */,
				87CA00DD29127103008EDB44 /* Resources */,
			);
			buildRules = (
			);
			dependencies = (
			);
			name = najahni;
			productName = najahni;
			productReference = 87CA00DF29127103008EDB44 /* najahni.app */;
			productType = "com.apple.product-type.application";
		};
		87CA00F429127105008EDB44 /* najahniTests */ = {
			isa = PBXNativeTarget;
			buildConfigurationList = 87CA010C29127105008EDB44 /* Build configuration list for PBXNativeTarget "najahniTests" */;
			buildPhases = (
				87CA00F129127105008EDB44 /* Sources */,
				87CA00F229127105008EDB44 /* Frameworks */,
				87CA00F329127105008EDB44 /* Resources */,
			);
			buildRules = (
			);
			dependencies = (
				87CA00F729127105008EDB44 /* PBXTargetDependency */,
			);
			name = najahniTests;
			productName = najahniTests;
			productReference = 87CA00F529127105008EDB44 /* najahniTests.xctest */;
			productType = "com.apple.product-type.bundle.unit-test";
		};
		87CA00FE29127105008EDB44 /* najahniUITests */ = {
			isa = PBXNativeTarget;
			buildConfigurationList = 87CA010F29127105008EDB44 /* Build configuration list for PBXNativeTarget "najahniUITests" */;
			buildPhases = (
				87CA00FB29127105008EDB44 /* Sources */,
				87CA00FC29127105008EDB44 /* Frameworks */,
				87CA00FD29127105008EDB44 /* Resources */,
			);
			buildRules = (
			);
			dependencies = (
				87CA010129127105008EDB44 /* PBXTargetDependency */,
			);
			name = najahniUITests;
			productName = najahniUITests;
			productReference = 87CA00FF29127105008EDB44 /* najahniUITests.xctest */;
			productType = "com.apple.product-type.bundle.ui-testing";
		};
/* End PBXNativeTarget section */

/* Begin PBXProject section */
		87CA00D729127103008EDB44 /* Project object */ = {
			isa = PBXProject;
			attributes = {
				BuildIndependentTargetsInParallel = 1;
				LastSwiftUpdateCheck = 1320;
				LastUpgradeCheck = 1320;
				TargetAttributes = {
					87CA00DE29127103008EDB44 = {
						CreatedOnToolsVersion = 13.2.1;
					};
					87CA00F429127105008EDB44 = {
						CreatedOnToolsVersion = 13.2.1;
						TestTargetID = 87CA00DE29127103008EDB44;
					};
					87CA00FE29127105008EDB44 = {
						CreatedOnToolsVersion = 13.2.1;
						TestTargetID = 87CA00DE29127103008EDB44;
					};
				};
			};
			buildConfigurationList = 87CA00DA29127103008EDB44 /* Build configuration list for PBXProject "najahni" */;
			compatibilityVersion = "Xcode 13.0";
			developmentRegion = en;
			hasScannedForEncodings = 0;
			knownRegions = (
				en,
				Base,
			);
			mainGroup = 87CA00D629127103008EDB44;
			productRefGroup = 87CA00E029127103008EDB44 /* Products */;
			projectDirPath = "";
			projectRoot = "";
			targets = (
				87CA00DE29127103008EDB44 /* najahni */,
				87CA00F429127105008EDB44 /* najahniTests */,
				87CA00FE29127105008EDB44 /* najahniUITests */,
			);
		};
/* End PBXProject section */

/* Begin PBXResourcesBuildPhase section */
		87CA00DD29127103008EDB44 /* Resources */ = {
			isa = PBXResourcesBuildPhase;
			buildActionMask = 2147483647;
			files = (
				87CA00EF29127104008EDB44 /* LaunchScreen.storyboard in Resources */,
				87CA00EC29127104008EDB44 /* Assets.xcassets in Resources */,
				87CA00EA29127103008EDB44 /* Main.storyboard in Resources */,
			);
			runOnlyForDeploymentPostprocessing = 0;
		};
		87CA00F329127105008EDB44 /* Resources */ = {
			isa = PBXResourcesBuildPhase;
			buildActionMask = 2147483647;
			files = (
			);
			runOnlyForDeploymentPostprocessing = 0;
		};
		87CA00FD29127105008EDB44 /* Resources */ = {
			isa = PBXResourcesBuildPhase;
			buildActionMask = 2147483647;
			files = (
			);
			runOnlyForDeploymentPostprocessing = 0;
		};
/* End PBXResourcesBuildPhase section */

/* Begin PBXSourcesBuildPhase section */
		87CA00DB29127103008EDB44 /* Sources */ = {
			isa = PBXSourcesBuildPhase;
			buildActionMask = 2147483647;
			files = (
				87CA00E729127103008EDB44 /* ViewController.swift in Sources */,
				87CA00E329127103008EDB44 /* AppDelegate.swift in Sources */,
				87CA00E529127103008EDB44 /* SceneDelegate.swift in Sources */,
			);
			runOnlyForDeploymentPostprocessing = 0;
		};
		87CA00F129127105008EDB44 /* Sources */ = {
			isa = PBXSourcesBuildPhase;
			buildActionMask = 2147483647;
			files = (
				87CA00FA29127105008EDB44 /* najahniTests.swift in Sources */,
			);
			runOnlyForDeploymentPostprocessing = 0;
		};
		87CA00FB29127105008EDB44 /* Sources */ = {
			isa = PBXSourcesBuildPhase;
			buildActionMask = 2147483647;
			files = (
				87CA010629127105008EDB44 /* najahniUITestsLaunchTests.swift in Sources */,
				87CA010429127105008EDB44 /* najahniUITests.swift in Sources */,
			);
			runOnlyForDeploymentPostprocessing = 0;
		};
/* End PBXSourcesBuildPhase section */

/* Begin PBXTargetDependency section */
		87CA00F729127105008EDB44 /* PBXTargetDependency */ = {
			isa = PBXTargetDependency;
			target = 87CA00DE29127103008EDB44 /* najahni */;
			targetProxy = 87CA00F629127105008EDB44 /* PBXContainerItemProxy */;
		};
		87CA010129127105008EDB44 /* PBXTargetDependency */ = {
			isa = PBXTargetDependency;
			target = 87CA00DE29127103008EDB44 /* najahni */;
			targetProxy = 87CA010029127105008EDB44 /* PBXContainerItemProxy */;
		};
/* End PBXTargetDependency section */

/* Begin PBXVariantGroup section */
		87CA00E829127103008EDB44 /* Main.storyboard */ = {
			isa = PBXVariantGroup;
			children = (
				87CA00E929127103008EDB44 /* Base */,
			);
			name = Main.storyboard;
			sourceTree = "<group>";
		};
		87CA00ED29127104008EDB44 /* LaunchScreen.storyboard */ = {
			isa = PBXVariantGroup;
			children = (
				87CA00EE29127104008EDB44 /* Base */,
			);
			name = LaunchScreen.storyboard;
			sourceTree = "<group>";
		};
/* End PBXVariantGroup section */

/* Begin XCBuildConfiguration section */
		87CA010729127105008EDB44 /* Debug */ = {
			isa = XCBuildConfiguration;
			buildSettings = {
				ALWAYS_SEARCH_USER_PATHS = NO;
				CLANG_ANALYZER_NONNULL = YES;
				CLANG_ANALYZER_NUMBER_OBJECT_CONVERSION = YES_AGGRESSIVE;
				CLANG_CXX_LANGUAGE_STANDARD = "gnu++17";
				CLANG_CXX_LIBRARY = "libc++";
				CLANG_ENABLE_MODULES = YES;
				CLANG_ENABLE_OBJC_ARC = YES;
				CLANG_ENABLE_OBJC_WEAK = YES;
				CLANG_WARN_BLOCK_CAPTURE_AUTORELEASING = YES;
				CLANG_WARN_BOOL_CONVERSION = YES;
				CLANG_WARN_COMMA = YES;
				CLANG_WARN_CONSTANT_CONVERSION = YES;
				CLANG_WARN_DEPRECATED_OBJC_IMPLEMENTATIONS = YES;
				CLANG_WARN_DIRECT_OBJC_ISA_USAGE = YES_ERROR;
				CLANG_WARN_DOCUMENTATION_COMMENTS = YES;
				CLANG_WARN_EMPTY_BODY = YES;
				CLANG_WARN_ENUM_CONVERSION = YES;
				CLANG_WARN_INFINITE_RECURSION = YES;
				CLANG_WARN_INT_CONVERSION = YES;
				CLANG_WARN_NON_LITERAL_NULL_CONVERSION = YES;
				CLANG_WARN_OBJC_IMPLICIT_RETAIN_SELF = YES;
				CLANG_WARN_OBJC_LITERAL_CONVERSION = YES;
				CLANG_WARN_OBJC_ROOT_CLASS = YES_ERROR;
				CLANG_WARN_QUOTED_INCLUDE_IN_FRAMEWORK_HEADER = YES;
				CLANG_WARN_RANGE_LOOP_ANALYSIS = YES;
				CLANG_WARN_STRICT_PROTOTYPES = YES;
				CLANG_WARN_SUSPICIOUS_MOVE = YES;
				CLANG_WARN_UNGUARDED_AVAILABILITY = YES_AGGRESSIVE;
				CLANG_WARN_UNREACHABLE_CODE = YES;
				CLANG_WARN__DUPLICATE_METHOD_MATCH = YES;
				COPY_PHASE_STRIP = NO;
				DEBUG_INFORMATION_FORMAT = dwarf;
				ENABLE_STRICT_OBJC_MSGSEND = YES;
				ENABLE_TESTABILITY = YES;
				GCC_C_LANGUAGE_STANDARD = gnu11;
				GCC_DYNAMIC_NO_PIC = NO;
				GCC_NO_COMMON_BLOCKS = YES;
				GCC_OPTIMIZATION_LEVEL = 0;
				GCC_PREPROCESSOR_DEFINITIONS = (
					"DEBUG=1",
					"$(inherited)",
				);
				GCC_WARN_64_TO_32_BIT_CONVERSION = YES;
				GCC_WARN_ABOUT_RETURN_TYPE = YES_ERROR;
				GCC_WARN_UNDECLARED_SELECTOR = YES;
				GCC_WARN_UNINITIALIZED_AUTOS = YES_AGGRESSIVE;
				GCC_WARN_UNUSED_FUNCTION = YES;
				GCC_WARN_UNUSED_VARIABLE = YES;
				IPHONEOS_DEPLOYMENT_TARGET = 15.2;
				MTL_ENABLE_DEBUG_INFO = INCLUDE_SOURCE;
				MTL_FAST_MATH = YES;
				ONLY_ACTIVE_ARCH = YES;
				SDKROOT = iphoneos;
				SWIFT_ACTIVE_COMPILATION_CONDITIONS = DEBUG;
				SWIFT_OPTIMIZATION_LEVEL = "-Onone";
			};
			name = Debug;
		};
		87CA010829127105008EDB44 /* Release */ = {
			isa = XCBuildConfiguration;
			buildSettings = {
				ALWAYS_SEARCH_USER_PATHS = NO;
				CLANG_ANALYZER_NONNULL = YES;
				CLANG_ANALYZER_NUMBER_OBJECT_CONVERSION = YES_AGGRESSIVE;
				CLANG_CXX_LANGUAGE_STANDARD = "gnu++17";
				CLANG_CXX_LIBRARY = "libc++";
				CLANG_ENABLE_MODULES = YES;
				CLANG_ENABLE_OBJC_ARC = YES;
				CLANG_ENABLE_OBJC_WEAK = YES;
				CLANG_WARN_BLOCK_CAPTURE_AUTORELEASING = YES;
				CLANG_WARN_BOOL_CONVERSION = YES;
				CLANG_WARN_COMMA = YES;
				CLANG_WARN_CONSTANT_CONVERSION = YES;
				CLANG_WARN_DEPRECATED_OBJC_IMPLEMENTATIONS = YES;
				CLANG_WARN_DIRECT_OBJC_ISA_USAGE = YES_ERROR;
				CLANG_WARN_DOCUMENTATION_COMMENTS = YES;
				CLANG_WARN_EMPTY_BODY = YES;
				CLANG_WARN_ENUM_CONVERSION = YES;
				CLANG_WARN_INFINITE_RECURSION = YES;
				CLANG_WARN_INT_CONVERSION = YES;
				CLANG_WARN_NON_LITERAL_NULL_CONVERSION = YES;
				CLANG_WARN_OBJC_IMPLICIT_RETAIN_SELF = YES;
				CLANG_WARN_OBJC_LITERAL_CONVERSION = YES;
				CLANG_WARN_OBJC_ROOT_CLASS = YES_ERROR;
				CLANG_WARN_QUOTED_INCLUDE_IN_FRAMEWORK_HEADER = YES;
				CLANG_WARN_RANGE_LOOP_ANALYSIS = YES;
				CLANG_WARN_STRICT_PROTOTYPES = YES;
				CLANG_WARN_SUSPICIOUS_MOVE = YES;
				CLANG_WARN_UNGUARDED_AVAILABILITY = YES_AGGRESSIVE;
				CLANG_WARN_UNREACHABLE_CODE = YES;
				CLANG_WARN__DUPLICATE_METHOD_MATCH = YES;
				COPY_PHASE_STRIP = NO;
				DEBUG_INFORMATION_FORMAT = "dwarf-with-dsym";
				ENABLE_NS_ASSERTIONS = NO;
				ENABLE_STRICT_OBJC_MSGSEND = YES;
				GCC_C_LANGUAGE_STANDARD = gnu11;
				GCC_NO_COMMON_BLOCKS = YES;
				GCC_WARN_64_TO_32_BIT_CONVERSION = YES;
				GCC_WARN_ABOUT_RETURN_TYPE = YES_ERROR;
				GCC_WARN_UNDECLARED_SELECTOR = YES;
				GCC_WARN_UNINITIALIZED_AUTOS = YES_AGGRESSIVE;
				GCC_WARN_UNUSED_FUNCTION = YES;
				GCC_WARN_UNUSED_VARIABLE = YES;
				IPHONEOS_DEPLOYMENT_TARGET = 15.2;
				MTL_ENABLE_DEBUG_INFO = NO;
				MTL_FAST_MATH = YES;
				SDKROOT = iphoneos;
				SWIFT_COMPILATION_MODE = wholemodule;
				SWIFT_OPTIMIZATION_LEVEL = "-O";
				VALIDATE_PRODUCT = YES;
			};
			name = Release;
		};
		87CA010A29127105008EDB44 /* Debug */ = {
			isa = XCBuildConfiguration;
			buildSettings = {
				ASSETCATALOG_COMPILER_APPICON_NAME = AppIcon;
				ASSETCATALOG_COMPILER_GLOBAL_ACCENT_COLOR_NAME = AccentColor;
				CODE_SIGN_STYLE = Automatic;
				CURRENT_PROJECT_VERSION = 1;
				GENERATE_INFOPLIST_FILE = YES;
				INFOPLIST_FILE = najahni/Info.plist;
				INFOPLIST_KEY_UIApplicationSupportsIndirectInputEvents = YES;
				INFOPLIST_KEY_UILaunchStoryboardName = LaunchScreen;
				INFOPLIST_KEY_UIMainStoryboardFile = Main;
				INFOPLIST_KEY_UISupportedInterfaceOrientations_iPad = "UIInterfaceOrientationPortrait UIInterfaceOrientationPortraitUpsideDown UIInterfaceOrientationLandscapeLeft UIInterfaceOrientationLandscapeRight";
				INFOPLIST_KEY_UISupportedInterfaceOrientations_iPhone = "UIInterfaceOrientationPortrait UIInterfaceOrientationLandscapeLeft UIInterfaceOrientationLandscapeRight";
				LD_RUNPATH_SEARCH_PATHS = (
					"$(inherited)",
					"@executable_path/Frameworks",
				);
				MARKETING_VERSION = 1.0;
				PRODUCT_BUNDLE_IDENTIFIER = com.esprit.najahni;
				PRODUCT_NAME = "$(TARGET_NAME)";
				SWIFT_EMIT_LOC_STRINGS = YES;
				SWIFT_VERSION = 5.0;
				TARGETED_DEVICE_FAMILY = "1,2";
			};
			name = Debug;
		};
		87CA010B29127105008EDB44 /* Release */ = {
			isa = XCBuildConfiguration;
			buildSettings = {
				ASSETCATALOG_COMPILER_APPICON_NAME = AppIcon;
				ASSETCATALOG_COMPILER_GLOBAL_ACCENT_COLOR_NAME = AccentColor;
				CODE_SIGN_STYLE = Automatic;
				CURRENT_PROJECT_VERSION = 1;
				GENERATE_INFOPLIST_FILE = YES;
				INFOPLIST_FILE = najahni/Info.plist;
				INFOPLIST_KEY_UIApplicationSupportsIndirectInputEvents = YES;
				INFOPLIST_KEY_UILaunchStoryboardName = LaunchScreen;
				INFOPLIST_KEY_UIMainStoryboardFile = Main;
				INFOPLIST_KEY_UISupportedInterfaceOrientations_iPad = "UIInterfaceOrientationPortrait UIInterfaceOrientationPortraitUpsideDown UIInterfaceOrientationLandscapeLeft UIInterfaceOrientationLandscapeRight";
				INFOPLIST_KEY_UISupportedInterfaceOrientations_iPhone = "UIInterfaceOrientationPortrait UIInterfaceOrientationLandscapeLeft UIInterfaceOrientationLandscapeRight";
				LD_RUNPATH_SEARCH_PATHS = (
					"$(inherited)",
					"@executable_path/Frameworks",
				);
				MARKETING_VERSION = 1.0;
				PRODUCT_BUNDLE_IDENTIFIER = com.esprit.najahni;
				PRODUCT_NAME = "$(TARGET_NAME)";
				SWIFT_EMIT_LOC_STRINGS = YES;
				SWIFT_VERSION = 5.0;
				TARGETED_DEVICE_FAMILY = "1,2";
			};
			name = Release;
		};
		87CA010D29127105008EDB44 /* Debug */ = {
			isa = XCBuildConfiguration;
			buildSettings = {
				ALWAYS_EMBED_SWIFT_STANDARD_LIBRARIES = YES;
				BUNDLE_LOADER = "$(TEST_HOST)";
				CODE_SIGN_STYLE = Automatic;
				CURRENT_PROJECT_VERSION = 1;
				GENERATE_INFOPLIST_FILE = YES;
				IPHONEOS_DEPLOYMENT_TARGET = 15.2;
				MARKETING_VERSION = 1.0;
				PRODUCT_BUNDLE_IDENTIFIER = com.esprit.najahniTests;
				PRODUCT_NAME = "$(TARGET_NAME)";
				SWIFT_EMIT_LOC_STRINGS = NO;
				SWIFT_VERSION = 5.0;
				TARGETED_DEVICE_FAMILY = "1,2";
				TEST_HOST = "$(BUILT_PRODUCTS_DIR)/najahni.app/najahni";
			};
			name = Debug;
		};
		87CA010E29127105008EDB44 /* Release */ = {
			isa = XCBuildConfiguration;
			buildSettings = {
				ALWAYS_EMBED_SWIFT_STANDARD_LIBRARIES = YES;
				BUNDLE_LOADER = "$(TEST_HOST)";
				CODE_SIGN_STYLE = Automatic;
				CURRENT_PROJECT_VERSION = 1;
				GENERATE_INFOPLIST_FILE = YES;
				IPHONEOS_DEPLOYMENT_TARGET = 15.2;
				MARKETING_VERSION = 1.0;
				PRODUCT_BUNDLE_IDENTIFIER = com.esprit.najahniTests;
				PRODUCT_NAME = "$(TARGET_NAME)";
				SWIFT_EMIT_LOC_STRINGS = NO;
				SWIFT_VERSION = 5.0;
				TARGETED_DEVICE_FAMILY = "1,2";
				TEST_HOST = "$(BUILT_PRODUCTS_DIR)/najahni.app/najahni";
			};
			name = Release;
		};
		87CA011029127105008EDB44 /* Debug */ = {
			isa = XCBuildConfiguration;
			buildSettings = {
				ALWAYS_EMBED_SWIFT_STANDARD_LIBRARIES = YES;
				CODE_SIGN_STYLE = Automatic;
				CURRENT_PROJECT_VERSION = 1;
				GENERATE_INFOPLIST_FILE = YES;
				MARKETING_VERSION = 1.0;
				PRODUCT_BUNDLE_IDENTIFIER = com.esprit.najahniUITests;
				PRODUCT_NAME = "$(TARGET_NAME)";
				SWIFT_EMIT_LOC_STRINGS = NO;
				SWIFT_VERSION = 5.0;
				TARGETED_DEVICE_FAMILY = "1,2";
				TEST_TARGET_NAME = najahni;
			};
			name = Debug;
		};
		87CA011129127105008EDB44 /* Release */ = {
			isa = XCBuildConfiguration;
			buildSettings = {
				ALWAYS_EMBED_SWIFT_STANDARD_LIBRARIES = YES;
				CODE_SIGN_STYLE = Automatic;
				CURRENT_PROJECT_VERSION = 1;
				GENERATE_INFOPLIST_FILE = YES;
				MARKETING_VERSION = 1.0;
				PRODUCT_BUNDLE_IDENTIFIER = com.esprit.najahniUITests;
				PRODUCT_NAME = "$(TARGET_NAME)";
				SWIFT_EMIT_LOC_STRINGS = NO;
				SWIFT_VERSION = 5.0;
				TARGETED_DEVICE_FAMILY = "1,2";
				TEST_TARGET_NAME = najahni;
			};
			name = Release;
		};
/* End XCBuildConfiguration section */

/* Begin XCConfigurationList section */
		87CA00DA29127103008EDB44 /* Build configuration list for PBXProject "najahni" */ = {
			isa = XCConfigurationList;
			buildConfigurations = (
				87CA010729127105008EDB44 /* Debug */,
				87CA010829127105008EDB44 /* Release */,
			);
			defaultConfigurationIsVisible = 0;
			defaultConfigurationName = Release;
		};
		87CA010929127105008EDB44 /* Build configuration list for PBXNativeTarget "najahni" */ = {
			isa = XCConfigurationList;
			buildConfigurations = (
				87CA010A29127105008EDB44 /* Debug */,
				87CA010B29127105008EDB44 /* Release */,
			);
			defaultConfigurationIsVisible = 0;
			defaultConfigurationName = Release;
		};
		87CA010C29127105008EDB44 /* Build configuration list for PBXNativeTarget "najahniTests" */ = {
			isa = XCConfigurationList;
			buildConfigurations = (
				87CA010D29127105008EDB44 /* Debug */,
				87CA010E29127105008EDB44 /* Release */,
			);
			defaultConfigurationIsVisible = 0;
			defaultConfigurationName = Release;
		};
		87CA010F29127105008EDB44 /* Build configuration list for PBXNativeTarget "najahniUITests" */ = {
			isa = XCConfigurationList;
			buildConfigurations = (
				87CA011029127105008EDB44 /* Debug */,
				87CA011129127105008EDB44 /* Release */,
			);
			defaultConfigurationIsVisible = 0;
			defaultConfigurationName = Release;
		};
/* End XCConfigurationList section */
	};
	rootObject = 87CA00D729127103008EDB44 /* Project object */;
}
