// !$*UTF8*$!
{
	archiveVersion = 1;
	classes = {
	};
	objectVersion = 55;
	objects = {

/* Begin PBXBuildFile section */
		28793957291970D300778A5B /* SplashView.swift in Sources */ = {isa = PBXBuildFile; fileRef = 28793956291970D300778A5B /* SplashView.swift */; };
		287939592919737500778A5B /* WelcomeView.swift in Sources */ = {isa = PBXBuildFile; fileRef = 287939582919737500778A5B /* WelcomeView.swift */; };
		2879395B2919824100778A5B /* LoginView.swift in Sources */ = {isa = PBXBuildFile; fileRef = 2879395A2919824100778A5B /* LoginView.swift */; };
		2879395D2919A57800778A5B /* ForgetPassword.swift in Sources */ = {isa = PBXBuildFile; fileRef = 2879395C2919A57800778A5B /* ForgetPassword.swift */; };
		28CABB1829191BC400AED109 /* najahniApp.swift in Sources */ = {isa = PBXBuildFile; fileRef = 28CABB1729191BC400AED109 /* najahniApp.swift */; };
		28CABB1A29191BC400AED109 /* ContentView.swift in Sources */ = {isa = PBXBuildFile; fileRef = 28CABB1929191BC400AED109 /* ContentView.swift */; };
		28CABB1C29191BC500AED109 /* Assets.xcassets in Resources */ = {isa = PBXBuildFile; fileRef = 28CABB1B29191BC500AED109 /* Assets.xcassets */; };
		28CABB1F29191BC500AED109 /* Preview Assets.xcassets in Resources */ = {isa = PBXBuildFile; fileRef = 28CABB1E29191BC500AED109 /* Preview Assets.xcassets */; };
		28CABB2129191BC500AED109 /* Persistence.swift in Sources */ = {isa = PBXBuildFile; fileRef = 28CABB2029191BC500AED109 /* Persistence.swift */; };
		28CABB2429191BC500AED109 /* najahni.xcdatamodeld in Sources */ = {isa = PBXBuildFile; fileRef = 28CABB2229191BC500AED109 /* najahni.xcdatamodeld */; };
		28CABB2E29191BC600AED109 /* najahniTests.swift in Sources */ = {isa = PBXBuildFile; fileRef = 28CABB2D29191BC600AED109 /* najahniTests.swift */; };
		28CABB3829191BC600AED109 /* najahniUITests.swift in Sources */ = {isa = PBXBuildFile; fileRef = 28CABB3729191BC600AED109 /* najahniUITests.swift */; };
		28CABB3A29191BC600AED109 /* najahniUITestsLaunchTests.swift in Sources */ = {isa = PBXBuildFile; fileRef = 28CABB3929191BC600AED109 /* najahniUITestsLaunchTests.swift */; };
		28F322E92919C6FC004DC8C9 /* VerificationView.swift in Sources */ = {isa = PBXBuildFile; fileRef = 28F322E82919C6FC004DC8C9 /* VerificationView.swift */; };
		41353FAC2923D51500DAA6C5 /* UserService.swift in Sources */ = {isa = PBXBuildFile; fileRef = 41353FAB2923D51500DAA6C5 /* UserService.swift */; };
		414248CC292D4CF800D35692 /* Course.swift in Sources */ = {isa = PBXBuildFile; fileRef = 414248CB292D4CF800D35692 /* Course.swift */; };
		414248CE292D4D8F00D35692 /* HomeViewModel.swift in Sources */ = {isa = PBXBuildFile; fileRef = 414248CD292D4D8F00D35692 /* HomeViewModel.swift */; };
		4194137C293B7B8800306B28 /* CourseDetailTrainerView.swift in Sources */ = {isa = PBXBuildFile; fileRef = 4194137B293B7B8800306B28 /* CourseDetailTrainerView.swift */; };
		4194137E293B9D9C00306B28 /* CustomCardCourseView.swift in Sources */ = {isa = PBXBuildFile; fileRef = 4194137D293B9D9C00306B28 /* CustomCardCourseView.swift */; };
		41941380293BA06700306B28 /* ProgressBarView.swift in Sources */ = {isa = PBXBuildFile; fileRef = 4194137F293BA06700306B28 /* ProgressBarView.swift */; };
		41941382293BA90400306B28 /* VideoPlayerCourseView.swift in Sources */ = {isa = PBXBuildFile; fileRef = 41941381293BA90400306B28 /* VideoPlayerCourseView.swift */; };
		419495F92936B9A300349A24 /* MyCoursesViewModel.swift in Sources */ = {isa = PBXBuildFile; fileRef = 419495F82936B9A300349A24 /* MyCoursesViewModel.swift */; };
		419495FB2937025300349A24 /* SlidingTabCustomView.swift in Sources */ = {isa = PBXBuildFile; fileRef = 419495FA2937025300349A24 /* SlidingTabCustomView.swift */; };
		419495FE293702DE00349A24 /* SlidingTabView in Frameworks */ = {isa = PBXBuildFile; productRef = 419495FD293702DE00349A24 /* SlidingTabView */; };
		4194EE442929147E001D20D0 /* ProfileTrainerView.swift in Sources */ = {isa = PBXBuildFile; fileRef = 4194EE432929147E001D20D0 /* ProfileTrainerView.swift */; };
		4194EE4629291A4A001D20D0 /* CustomBoxView.swift in Sources */ = {isa = PBXBuildFile; fileRef = 4194EE4529291A4A001D20D0 /* CustomBoxView.swift */; };
		419509A32934BFD400E417FF /* GoogleSignIn in Frameworks */ = {isa = PBXBuildFile; productRef = 419509A22934BFD400E417FF /* GoogleSignIn */; };
		419509A52934BFD400E417FF /* GoogleSignInSwift in Frameworks */ = {isa = PBXBuildFile; productRef = 419509A42934BFD400E417FF /* GoogleSignInSwift */; };
		419509A82934C4E300E417FF /* googlesigninViewModel.swift in Sources */ = {isa = PBXBuildFile; fileRef = 419509A72934C4E300E417FF /* googlesigninViewModel.swift */; };
		4196A73729403D6B0007B6B3 /* DetailCourseLessonsView.swift in Sources */ = {isa = PBXBuildFile; fileRef = 4196A73629403D6B0007B6B3 /* DetailCourseLessonsView.swift */; };
		4196FA6E292D33500095AD16 /* CustomCard2View.swift in Sources */ = {isa = PBXBuildFile; fileRef = 4196FA6D292D33500095AD16 /* CustomCard2View.swift */; };
		4198283F2944D19200D72E45 /* WebView.swift in Sources */ = {isa = PBXBuildFile; fileRef = 4198283E2944D19200D72E45 /* WebView.swift */; };
		4198CA18294B37D50065E07D /* Enroll.swift in Sources */ = {isa = PBXBuildFile; fileRef = 4198CA17294B37D50065E07D /* Enroll.swift */; };
		4198CA1A294B3C760065E07D /* EnrollServices.swift in Sources */ = {isa = PBXBuildFile; fileRef = 4198CA19294B3C760065E07D /* EnrollServices.swift */; };
		4198CA1C294B769C0065E07D /* SafariWebView.swift in Sources */ = {isa = PBXBuildFile; fileRef = 4198CA1B294B769C0065E07D /* SafariWebView.swift */; };
		419937C1293FAD0000A0516A /* Comment.swift in Sources */ = {isa = PBXBuildFile; fileRef = 419937C0293FAD0000A0516A /* Comment.swift */; };
		419937C3293FAE1A00A0516A /* CommentServices.swift in Sources */ = {isa = PBXBuildFile; fileRef = 419937C2293FAE1A00A0516A /* CommentServices.swift */; };
		419937C7293FC94B00A0516A /* CommentCardView.swift in Sources */ = {isa = PBXBuildFile; fileRef = 419937C6293FC94B00A0516A /* CommentCardView.swift */; };
		419937CA293FDEED00A0516A /* ExpandableText in Frameworks */ = {isa = PBXBuildFile; productRef = 419937C9293FDEED00A0516A /* ExpandableText */; };
		419937CC293FF07C00A0516A /* CustomCardCartView.swift in Sources */ = {isa = PBXBuildFile; fileRef = 419937CB293FF07C00A0516A /* CustomCardCartView.swift */; };
		419B350B292BB49200A8EEA1 /* CustomCardView.swift in Sources */ = {isa = PBXBuildFile; fileRef = 419B350A292BB49200A8EEA1 /* CustomCardView.swift */; };
		419B69D8293DFBF000B2CF81 /* SectionCardView.swift in Sources */ = {isa = PBXBuildFile; fileRef = 419B69D7293DFBF000B2CF81 /* SectionCardView.swift */; };
		419DF04C293525AB004BB54E /* CustomCardTrainerView.swift in Sources */ = {isa = PBXBuildFile; fileRef = 419DF04B293525AB004BB54E /* CustomCardTrainerView.swift */; };
		419DF04E29353701004BB54E /* ProfileTrainerViewModel.swift in Sources */ = {isa = PBXBuildFile; fileRef = 419DF04D29353701004BB54E /* ProfileTrainerViewModel.swift */; };
		419E5EBA29473D6A00AC7538 /* CartViewModel.swift in Sources */ = {isa = PBXBuildFile; fileRef = 419E5EB929473D6A00AC7538 /* CartViewModel.swift */; };
		419E7C3B2928E023007E7D87 /* ImagePicker.swift in Sources */ = {isa = PBXBuildFile; fileRef = 419E7C3A2928E023007E7D87 /* ImagePicker.swift */; };
		419F2E812943A52A00CE2495 /* ProfileTrainerDetailsView.swift in Sources */ = {isa = PBXBuildFile; fileRef = 419F2E802943A52A00CE2495 /* ProfileTrainerDetailsView.swift */; };
		419FAD1B293106FD00FA6A49 /* WishListView.swift in Sources */ = {isa = PBXBuildFile; fileRef = 419FAD1A293106FD00FA6A49 /* WishListView.swift */; };
		41BAA2FD293E504E008FEC06 /* Section.swift in Sources */ = {isa = PBXBuildFile; fileRef = 41BAA2FC293E504E008FEC06 /* Section.swift */; };
		41BAA2FF293E5433008FEC06 /* SectionService.swift in Sources */ = {isa = PBXBuildFile; fileRef = 41BAA2FE293E5433008FEC06 /* SectionService.swift */; };
		41BAA301293E615B008FEC06 /* Lesson.swift in Sources */ = {isa = PBXBuildFile; fileRef = 41BAA300293E615B008FEC06 /* Lesson.swift */; };
		41BAA303293E62A8008FEC06 /* LessonServices.swift in Sources */ = {isa = PBXBuildFile; fileRef = 41BAA302293E62A8008FEC06 /* LessonServices.swift */; };
		872AD031293FE1F70066C22D /* AddLessonViewModel.swift in Sources */ = {isa = PBXBuildFile; fileRef = 872AD030293FE1F70066C22D /* AddLessonViewModel.swift */; };
		872AD03529401CC80066C22D /* SectionViewModel.swift in Sources */ = {isa = PBXBuildFile; fileRef = 872AD03429401CC80066C22D /* SectionViewModel.swift */; };
		8741BAB1291E9116002FBDE8 /* SignupView.swift in Sources */ = {isa = PBXBuildFile; fileRef = 8741BAB0291E9116002FBDE8 /* SignupView.swift */; };
		8741BAB4291E9557002FBDE8 /* SignupViewModel.swift in Sources */ = {isa = PBXBuildFile; fileRef = 8741BAB3291E9557002FBDE8 /* SignupViewModel.swift */; };
		8741BAB8291E9C77002FBDE8 /* Role.swift in Sources */ = {isa = PBXBuildFile; fileRef = 8741BAB7291E9C77002FBDE8 /* Role.swift */; };
		8741BABA291E9CC0002FBDE8 /* Fields.swift in Sources */ = {isa = PBXBuildFile; fileRef = 8741BAB9291E9CC0002FBDE8 /* Fields.swift */; };
		8741BABC291EA33B002FBDE8 /* Sexe.swift in Sources */ = {isa = PBXBuildFile; fileRef = 8741BABB291EA33B002FBDE8 /* Sexe.swift */; };
		8741BABE291EC44E002FBDE8 /* HostingTabBarView.swift in Sources */ = {isa = PBXBuildFile; fileRef = 8741BABD291EC44E002FBDE8 /* HostingTabBarView.swift */; };
		8741BAC0291EC4B8002FBDE8 /* HomeView.swift in Sources */ = {isa = PBXBuildFile; fileRef = 8741BABF291EC4B8002FBDE8 /* HomeView.swift */; };
		8741BAC2291EC4DF002FBDE8 /* CoursesView.swift in Sources */ = {isa = PBXBuildFile; fileRef = 8741BAC1291EC4DF002FBDE8 /* CoursesView.swift */; };
		8741BAC4291EC4FD002FBDE8 /* CartView.swift in Sources */ = {isa = PBXBuildFile; fileRef = 8741BAC3291EC4FD002FBDE8 /* CartView.swift */; };
		8741BAC6291EC517002FBDE8 /* ProfileView.swift in Sources */ = {isa = PBXBuildFile; fileRef = 8741BAC5291EC517002FBDE8 /* ProfileView.swift */; };
		87425FAF2934CF0A000961E2 /* NewSectionView.swift in Sources */ = {isa = PBXBuildFile; fileRef = 87425FAE2934CF0A000961E2 /* NewSectionView.swift */; };
		8743D053291F9EA300C1781C /* CustomButtonView.swift in Sources */ = {isa = PBXBuildFile; fileRef = 8743D052291F9EA300C1781C /* CustomButtonView.swift */; };
		8743D055291FD9CD00C1781C /* EditProfileView.swift in Sources */ = {isa = PBXBuildFile; fileRef = 8743D054291FD9CC00C1781C /* EditProfileView.swift */; };
		8743D057291FDC2200C1781C /* EditAccountViewModel.swift in Sources */ = {isa = PBXBuildFile; fileRef = 8743D056291FDC2200C1781C /* EditAccountViewModel.swift */; };
		8743D059291FE16300C1781C /* ResetPasswordView.swift in Sources */ = {isa = PBXBuildFile; fileRef = 8743D058291FE16300C1781C /* ResetPasswordView.swift */; };
		8743D05B291FE3FB00C1781C /* ResetPasswordViewModel.swift in Sources */ = {isa = PBXBuildFile; fileRef = 8743D05A291FE3FB00C1781C /* ResetPasswordViewModel.swift */; };
		8743D05E291FE49300C1781C /* Alamofire in Frameworks */ = {isa = PBXBuildFile; productRef = 8743D05D291FE49300C1781C /* Alamofire */; };
		8743D060291FE5F800C1781C /* LoginViewModel.swift in Sources */ = {isa = PBXBuildFile; fileRef = 8743D05F291FE5F800C1781C /* LoginViewModel.swift */; };
		8743D062291FF61000C1781C /* User.swift in Sources */ = {isa = PBXBuildFile; fileRef = 8743D061291FF61000C1781C /* User.swift */; };
		874981D82943815D0098F4A0 /* ProfileStudentView.swift in Sources */ = {isa = PBXBuildFile; fileRef = 874981D72943815D0098F4A0 /* ProfileStudentView.swift */; };
		876E2F062944AF3800A21304 /* PrivacyPolicyView.swift in Sources */ = {isa = PBXBuildFile; fileRef = 876E2F052944AF3800A21304 /* PrivacyPolicyView.swift */; };
		87702711293F93500048A824 /* EditSectionsView.swift in Sources */ = {isa = PBXBuildFile; fileRef = 87702710293F93500048A824 /* EditSectionsView.swift */; };
		8771F0762948ED6F00810C65 /* SocketIO in Frameworks */ = {isa = PBXBuildFile; productRef = 8771F0752948ED6F00810C65 /* SocketIO */; };
		8771F078294906C600810C65 /* ListContactsView.swift in Sources */ = {isa = PBXBuildFile; fileRef = 8771F077294906C600810C65 /* ListContactsView.swift */; };
		8774D6FC292D1DEA00FCC1BE /* DetailPageViewModel.swift in Sources */ = {isa = PBXBuildFile; fileRef = 8774D6FB292D1DEA00FCC1BE /* DetailPageViewModel.swift */; };
		8774D6FE292D20CB00FCC1BE /* CustomSelectionView.swift in Sources */ = {isa = PBXBuildFile; fileRef = 8774D6FD292D20CB00FCC1BE /* CustomSelectionView.swift */; };
		879A190E2947AC8E00D017C3 /* messageView.swift in Sources */ = {isa = PBXBuildFile; fileRef = 879A190D2947AC8E00D017C3 /* messageView.swift */; };
		879B0E932948E0EA0000119B /* Message.swift in Sources */ = {isa = PBXBuildFile; fileRef = 879B0E922948E0EA0000119B /* Message.swift */; };
		879B0E952948E41D0000119B /* MessageServices.swift in Sources */ = {isa = PBXBuildFile; fileRef = 879B0E942948E41D0000119B /* MessageServices.swift */; };
		879B2F9F2927A68B00249774 /* ForgetPasswordViewModel.swift in Sources */ = {isa = PBXBuildFile; fileRef = 879B2F9E2927A68B00249774 /* ForgetPasswordViewModel.swift */; };
		879BC95F293B4EF700FA2E44 /* AddCourseViewModel.swift in Sources */ = {isa = PBXBuildFile; fileRef = 879BC95E293B4EF700FA2E44 /* AddCourseViewModel.swift */; };
		879E5C81292BE19600573969 /* SessionManager.swift in Sources */ = {isa = PBXBuildFile; fileRef = 879E5C80292BE19600573969 /* SessionManager.swift */; };
		879E5C83292BE53400573969 /* CourseDetailView.swift in Sources */ = {isa = PBXBuildFile; fileRef = 879E5C82292BE53400573969 /* CourseDetailView.swift */; };
		87A371D82930F6E500685486 /* customTextField.swift in Sources */ = {isa = PBXBuildFile; fileRef = 87A371D72930F6E500685486 /* customTextField.swift */; };
		87A4E85929229F1A00E2A505 /* MultiSelectionView.swift in Sources */ = {isa = PBXBuildFile; fileRef = 87A4E85829229F1A00E2A505 /* MultiSelectionView.swift */; };
		87A4E85B29229F7200E2A505 /* MultiSelector.swift in Sources */ = {isa = PBXBuildFile; fileRef = 87A4E85A29229F7200E2A505 /* MultiSelector.swift */; };
		87A4E85D2922A3CF00E2A505 /* CustomPicker2View.swift in Sources */ = {isa = PBXBuildFile; fileRef = 87A4E85C2922A3CF00E2A505 /* CustomPicker2View.swift */; };
		87A4E8612922B30E00E2A505 /* constant.swift in Sources */ = {isa = PBXBuildFile; fileRef = 87A4E8602922B30E00E2A505 /* constant.swift */; };
		87A4E8642922B85500E2A505 /* SwiftyJSON in Frameworks */ = {isa = PBXBuildFile; productRef = 87A4E8632922B85500E2A505 /* SwiftyJSON */; };
		87A5AEDB2928ED3E00FDB9B4 /* ForgetPasswordVerificationModelView.swift in Sources */ = {isa = PBXBuildFile; fileRef = 87A5AEDA2928ED3E00FDB9B4 /* ForgetPasswordVerificationModelView.swift */; };
		87AA86002922354F009536CA /* ChangePasswordView.swift in Sources */ = {isa = PBXBuildFile; fileRef = 87AA85FF2922354F009536CA /* ChangePasswordView.swift */; };
		87AD691E293E6656000F0A88 /* EditCourseView.swift in Sources */ = {isa = PBXBuildFile; fileRef = 87AD691D293E6656000F0A88 /* EditCourseView.swift */; };
		87AD6920293E66E0000F0A88 /* EditCourseViewModel.swift in Sources */ = {isa = PBXBuildFile; fileRef = 87AD691F293E66E0000F0A88 /* EditCourseViewModel.swift */; };
		87B21C6E29325A1E000FD964 /* AddCourseView.swift in Sources */ = {isa = PBXBuildFile; fileRef = 87B21C6D29325A1E000FD964 /* AddCourseView.swift */; };
		87B21C7029326353000FD964 /* Level.swift in Sources */ = {isa = PBXBuildFile; fileRef = 87B21C6F29326353000FD964 /* Level.swift */; };
		87B9266A293607C200F7A082 /* TrainerVerificationView.swift in Sources */ = {isa = PBXBuildFile; fileRef = 87B92669293607C200F7A082 /* TrainerVerificationView.swift */; };
		87B9266C29369B4000F7A082 /* CourseServices.swift in Sources */ = {isa = PBXBuildFile; fileRef = 87B9266B29369B4000F7A082 /* CourseServices.swift */; };
		87B9266E2936AA5B00F7A082 /* WishListCard.swift in Sources */ = {isa = PBXBuildFile; fileRef = 87B9266D2936AA5B00F7A082 /* WishListCard.swift */; };
		87B926702936DF7000F7A082 /* SettingsView.swift in Sources */ = {isa = PBXBuildFile; fileRef = 87B9266F2936DF7000F7A082 /* SettingsView.swift */; };
		87C5CB192923C5050049814E /* SDWebImageSwiftUI in Frameworks */ = {isa = PBXBuildFile; productRef = 87C5CB182923C5050049814E /* SDWebImageSwiftUI */; };
/* End PBXBuildFile section */

/* Begin PBXContainerItemProxy section */
		28CABB2A29191BC600AED109 /* PBXContainerItemProxy */ = {
			isa = PBXContainerItemProxy;
			containerPortal = 28CABB0C29191BC400AED109 /* Project object */;
			proxyType = 1;
			remoteGlobalIDString = 28CABB1329191BC400AED109;
			remoteInfo = najahni;
		};
		28CABB3429191BC600AED109 /* PBXContainerItemProxy */ = {
			isa = PBXContainerItemProxy;
			containerPortal = 28CABB0C29191BC400AED109 /* Project object */;
			proxyType = 1;
			remoteGlobalIDString = 28CABB1329191BC400AED109;
			remoteInfo = najahni;
		};
/* End PBXContainerItemProxy section */

/* Begin PBXFileReference section */
		28793956291970D300778A5B /* SplashView.swift */ = {isa = PBXFileReference; lastKnownFileType = sourcecode.swift; path = SplashView.swift; sourceTree = "<group>"; };
		287939582919737500778A5B /* WelcomeView.swift */ = {isa = PBXFileReference; lastKnownFileType = sourcecode.swift; path = WelcomeView.swift; sourceTree = "<group>"; };
		2879395A2919824100778A5B /* LoginView.swift */ = {isa = PBXFileReference; lastKnownFileType = sourcecode.swift; path = LoginView.swift; sourceTree = "<group>"; };
		2879395C2919A57800778A5B /* ForgetPassword.swift */ = {isa = PBXFileReference; lastKnownFileType = sourcecode.swift; path = ForgetPassword.swift; sourceTree = "<group>"; };
		28CABB1429191BC400AED109 /* najahni.app */ = {isa = PBXFileReference; explicitFileType = wrapper.application; includeInIndex = 0; path = najahni.app; sourceTree = BUILT_PRODUCTS_DIR; };
		28CABB1729191BC400AED109 /* najahniApp.swift */ = {isa = PBXFileReference; lastKnownFileType = sourcecode.swift; path = najahniApp.swift; sourceTree = "<group>"; };
		28CABB1929191BC400AED109 /* ContentView.swift */ = {isa = PBXFileReference; lastKnownFileType = sourcecode.swift; path = ContentView.swift; sourceTree = "<group>"; };
		28CABB1B29191BC500AED109 /* Assets.xcassets */ = {isa = PBXFileReference; lastKnownFileType = folder.assetcatalog; path = Assets.xcassets; sourceTree = "<group>"; };
		28CABB1E29191BC500AED109 /* Preview Assets.xcassets */ = {isa = PBXFileReference; lastKnownFileType = folder.assetcatalog; path = "Preview Assets.xcassets"; sourceTree = "<group>"; };
		28CABB2029191BC500AED109 /* Persistence.swift */ = {isa = PBXFileReference; lastKnownFileType = sourcecode.swift; path = Persistence.swift; sourceTree = "<group>"; };
		28CABB2329191BC500AED109 /* najahni.xcdatamodel */ = {isa = PBXFileReference; lastKnownFileType = wrapper.xcdatamodel; path = najahni.xcdatamodel; sourceTree = "<group>"; };
		28CABB2929191BC600AED109 /* najahniTests.xctest */ = {isa = PBXFileReference; explicitFileType = wrapper.cfbundle; includeInIndex = 0; path = najahniTests.xctest; sourceTree = BUILT_PRODUCTS_DIR; };
		28CABB2D29191BC600AED109 /* najahniTests.swift */ = {isa = PBXFileReference; lastKnownFileType = sourcecode.swift; path = najahniTests.swift; sourceTree = "<group>"; };
		28CABB3329191BC600AED109 /* najahniUITests.xctest */ = {isa = PBXFileReference; explicitFileType = wrapper.cfbundle; includeInIndex = 0; path = najahniUITests.xctest; sourceTree = BUILT_PRODUCTS_DIR; };
		28CABB3729191BC600AED109 /* najahniUITests.swift */ = {isa = PBXFileReference; lastKnownFileType = sourcecode.swift; path = najahniUITests.swift; sourceTree = "<group>"; };
		28CABB3929191BC600AED109 /* najahniUITestsLaunchTests.swift */ = {isa = PBXFileReference; lastKnownFileType = sourcecode.swift; path = najahniUITestsLaunchTests.swift; sourceTree = "<group>"; };
		28F322E82919C6FC004DC8C9 /* VerificationView.swift */ = {isa = PBXFileReference; lastKnownFileType = sourcecode.swift; path = VerificationView.swift; sourceTree = "<group>"; };
		41353FAB2923D51500DAA6C5 /* UserService.swift */ = {isa = PBXFileReference; lastKnownFileType = sourcecode.swift; path = UserService.swift; sourceTree = "<group>"; };
		414248CB292D4CF800D35692 /* Course.swift */ = {isa = PBXFileReference; lastKnownFileType = sourcecode.swift; path = Course.swift; sourceTree = "<group>"; };
		414248CD292D4D8F00D35692 /* HomeViewModel.swift */ = {isa = PBXFileReference; lastKnownFileType = sourcecode.swift; path = HomeViewModel.swift; sourceTree = "<group>"; };
		4194137B293B7B8800306B28 /* CourseDetailTrainerView.swift */ = {isa = PBXFileReference; lastKnownFileType = sourcecode.swift; path = CourseDetailTrainerView.swift; sourceTree = "<group>"; };
		4194137D293B9D9C00306B28 /* CustomCardCourseView.swift */ = {isa = PBXFileReference; lastKnownFileType = sourcecode.swift; path = CustomCardCourseView.swift; sourceTree = "<group>"; };
		4194137F293BA06700306B28 /* ProgressBarView.swift */ = {isa = PBXFileReference; lastKnownFileType = sourcecode.swift; path = ProgressBarView.swift; sourceTree = "<group>"; };
		41941381293BA90400306B28 /* VideoPlayerCourseView.swift */ = {isa = PBXFileReference; lastKnownFileType = sourcecode.swift; path = VideoPlayerCourseView.swift; sourceTree = "<group>"; };
		419495F82936B9A300349A24 /* MyCoursesViewModel.swift */ = {isa = PBXFileReference; lastKnownFileType = sourcecode.swift; path = MyCoursesViewModel.swift; sourceTree = "<group>"; };
		419495FA2937025300349A24 /* SlidingTabCustomView.swift */ = {isa = PBXFileReference; lastKnownFileType = sourcecode.swift; path = SlidingTabCustomView.swift; sourceTree = "<group>"; };
		4194EE432929147E001D20D0 /* ProfileTrainerView.swift */ = {isa = PBXFileReference; lastKnownFileType = sourcecode.swift; path = ProfileTrainerView.swift; sourceTree = "<group>"; };
		4194EE4529291A4A001D20D0 /* CustomBoxView.swift */ = {isa = PBXFileReference; lastKnownFileType = sourcecode.swift; path = CustomBoxView.swift; sourceTree = "<group>"; };
		419509A62934C2EC00E417FF /* Info.plist */ = {isa = PBXFileReference; lastKnownFileType = text.plist; path = Info.plist; sourceTree = "<group>"; };
		419509A72934C4E300E417FF /* googlesigninViewModel.swift */ = {isa = PBXFileReference; lastKnownFileType = sourcecode.swift; path = googlesigninViewModel.swift; sourceTree = "<group>"; };
		4196A73629403D6B0007B6B3 /* DetailCourseLessonsView.swift */ = {isa = PBXFileReference; lastKnownFileType = sourcecode.swift; path = DetailCourseLessonsView.swift; sourceTree = "<group>"; };
		4196FA6D292D33500095AD16 /* CustomCard2View.swift */ = {isa = PBXFileReference; lastKnownFileType = sourcecode.swift; path = CustomCard2View.swift; sourceTree = "<group>"; };
		4198283E2944D19200D72E45 /* WebView.swift */ = {isa = PBXFileReference; lastKnownFileType = sourcecode.swift; path = WebView.swift; sourceTree = "<group>"; };
		4198CA17294B37D50065E07D /* Enroll.swift */ = {isa = PBXFileReference; lastKnownFileType = sourcecode.swift; path = Enroll.swift; sourceTree = "<group>"; };
		4198CA19294B3C760065E07D /* EnrollServices.swift */ = {isa = PBXFileReference; lastKnownFileType = sourcecode.swift; path = EnrollServices.swift; sourceTree = "<group>"; };
		4198CA1B294B769C0065E07D /* SafariWebView.swift */ = {isa = PBXFileReference; lastKnownFileType = sourcecode.swift; path = SafariWebView.swift; sourceTree = "<group>"; };
		419937C0293FAD0000A0516A /* Comment.swift */ = {isa = PBXFileReference; lastKnownFileType = sourcecode.swift; path = Comment.swift; sourceTree = "<group>"; };
		419937C2293FAE1A00A0516A /* CommentServices.swift */ = {isa = PBXFileReference; lastKnownFileType = sourcecode.swift; path = CommentServices.swift; sourceTree = "<group>"; };
		419937C6293FC94B00A0516A /* CommentCardView.swift */ = {isa = PBXFileReference; lastKnownFileType = sourcecode.swift; path = CommentCardView.swift; sourceTree = "<group>"; };
		419937CB293FF07C00A0516A /* CustomCardCartView.swift */ = {isa = PBXFileReference; lastKnownFileType = sourcecode.swift; path = CustomCardCartView.swift; sourceTree = "<group>"; };
		419B350A292BB49200A8EEA1 /* CustomCardView.swift */ = {isa = PBXFileReference; lastKnownFileType = sourcecode.swift; path = CustomCardView.swift; sourceTree = "<group>"; };
		419B69D7293DFBF000B2CF81 /* SectionCardView.swift */ = {isa = PBXFileReference; lastKnownFileType = sourcecode.swift; path = SectionCardView.swift; sourceTree = "<group>"; };
		419DF04B293525AB004BB54E /* CustomCardTrainerView.swift */ = {isa = PBXFileReference; lastKnownFileType = sourcecode.swift; path = CustomCardTrainerView.swift; sourceTree = "<group>"; };
		419DF04D29353701004BB54E /* ProfileTrainerViewModel.swift */ = {isa = PBXFileReference; lastKnownFileType = sourcecode.swift; path = ProfileTrainerViewModel.swift; sourceTree = "<group>"; };
		419E5EB929473D6A00AC7538 /* CartViewModel.swift */ = {isa = PBXFileReference; lastKnownFileType = sourcecode.swift; path = CartViewModel.swift; sourceTree = "<group>"; };
		419E7C3A2928E023007E7D87 /* ImagePicker.swift */ = {isa = PBXFileReference; lastKnownFileType = sourcecode.swift; path = ImagePicker.swift; sourceTree = "<group>"; };
		419F2E802943A52A00CE2495 /* ProfileTrainerDetailsView.swift */ = {isa = PBXFileReference; lastKnownFileType = sourcecode.swift; path = ProfileTrainerDetailsView.swift; sourceTree = "<group>"; };
		419F2E892943A75C00CE2495 /* Message.swift */ = {isa = PBXFileReference; fileEncoding = 4; lastKnownFileType = sourcecode.swift; name = Message.swift; path = "/Downloads/ChatApp-main/ChatApp/Models/Message.swift"; sourceTree = "<absolute>"; };
		419FAD1A293106FD00FA6A49 /* WishListView.swift */ = {isa = PBXFileReference; lastKnownFileType = sourcecode.swift; path = WishListView.swift; sourceTree = "<group>"; };
		41BAA2FC293E504E008FEC06 /* Section.swift */ = {isa = PBXFileReference; lastKnownFileType = sourcecode.swift; path = Section.swift; sourceTree = "<group>"; };
		41BAA2FE293E5433008FEC06 /* SectionService.swift */ = {isa = PBXFileReference; lastKnownFileType = sourcecode.swift; path = SectionService.swift; sourceTree = "<group>"; };
		41BAA300293E615B008FEC06 /* Lesson.swift */ = {isa = PBXFileReference; lastKnownFileType = sourcecode.swift; path = Lesson.swift; sourceTree = "<group>"; };
		41BAA302293E62A8008FEC06 /* LessonServices.swift */ = {isa = PBXFileReference; lastKnownFileType = sourcecode.swift; path = LessonServices.swift; sourceTree = "<group>"; };
		872AD030293FE1F70066C22D /* AddLessonViewModel.swift */ = {isa = PBXFileReference; lastKnownFileType = sourcecode.swift; path = AddLessonViewModel.swift; sourceTree = "<group>"; };
		872AD03429401CC80066C22D /* SectionViewModel.swift */ = {isa = PBXFileReference; lastKnownFileType = sourcecode.swift; path = SectionViewModel.swift; sourceTree = "<group>"; };
		8741BAB0291E9116002FBDE8 /* SignupView.swift */ = {isa = PBXFileReference; lastKnownFileType = sourcecode.swift; path = SignupView.swift; sourceTree = "<group>"; };
		8741BAB3291E9557002FBDE8 /* SignupViewModel.swift */ = {isa = PBXFileReference; lastKnownFileType = sourcecode.swift; path = SignupViewModel.swift; sourceTree = "<group>"; };
		8741BAB7291E9C77002FBDE8 /* Role.swift */ = {isa = PBXFileReference; lastKnownFileType = sourcecode.swift; path = Role.swift; sourceTree = "<group>"; };
		8741BAB9291E9CC0002FBDE8 /* Fields.swift */ = {isa = PBXFileReference; lastKnownFileType = sourcecode.swift; path = Fields.swift; sourceTree = "<group>"; };
		8741BABB291EA33B002FBDE8 /* Sexe.swift */ = {isa = PBXFileReference; lastKnownFileType = sourcecode.swift; path = Sexe.swift; sourceTree = "<group>"; };
		8741BABD291EC44E002FBDE8 /* HostingTabBarView.swift */ = {isa = PBXFileReference; lastKnownFileType = sourcecode.swift; path = HostingTabBarView.swift; sourceTree = "<group>"; };
		8741BABF291EC4B8002FBDE8 /* HomeView.swift */ = {isa = PBXFileReference; lastKnownFileType = sourcecode.swift; path = HomeView.swift; sourceTree = "<group>"; };
		8741BAC1291EC4DF002FBDE8 /* CoursesView.swift */ = {isa = PBXFileReference; lastKnownFileType = sourcecode.swift; path = CoursesView.swift; sourceTree = "<group>"; };
		8741BAC3291EC4FD002FBDE8 /* CartView.swift */ = {isa = PBXFileReference; lastKnownFileType = sourcecode.swift; path = CartView.swift; sourceTree = "<group>"; };
		8741BAC5291EC517002FBDE8 /* ProfileView.swift */ = {isa = PBXFileReference; lastKnownFileType = sourcecode.swift; path = ProfileView.swift; sourceTree = "<group>"; };
		87425FAE2934CF0A000961E2 /* NewSectionView.swift */ = {isa = PBXFileReference; lastKnownFileType = sourcecode.swift; path = NewSectionView.swift; sourceTree = "<group>"; };
		8743D052291F9EA300C1781C /* CustomButtonView.swift */ = {isa = PBXFileReference; lastKnownFileType = sourcecode.swift; path = CustomButtonView.swift; sourceTree = "<group>"; };
		8743D054291FD9CC00C1781C /* EditProfileView.swift */ = {isa = PBXFileReference; lastKnownFileType = sourcecode.swift; path = EditProfileView.swift; sourceTree = "<group>"; };
		8743D056291FDC2200C1781C /* EditAccountViewModel.swift */ = {isa = PBXFileReference; lastKnownFileType = sourcecode.swift; path = EditAccountViewModel.swift; sourceTree = "<group>"; };
		8743D058291FE16300C1781C /* ResetPasswordView.swift */ = {isa = PBXFileReference; lastKnownFileType = sourcecode.swift; path = ResetPasswordView.swift; sourceTree = "<group>"; };
		8743D05A291FE3FB00C1781C /* ResetPasswordViewModel.swift */ = {isa = PBXFileReference; lastKnownFileType = sourcecode.swift; path = ResetPasswordViewModel.swift; sourceTree = "<group>"; };
		8743D05F291FE5F800C1781C /* LoginViewModel.swift */ = {isa = PBXFileReference; lastKnownFileType = sourcecode.swift; path = LoginViewModel.swift; sourceTree = "<group>"; };
		8743D061291FF61000C1781C /* User.swift */ = {isa = PBXFileReference; lastKnownFileType = sourcecode.swift; path = User.swift; sourceTree = "<group>"; };
		874981D72943815D0098F4A0 /* ProfileStudentView.swift */ = {isa = PBXFileReference; lastKnownFileType = sourcecode.swift; path = ProfileStudentView.swift; sourceTree = "<group>"; };
		876E2F052944AF3800A21304 /* PrivacyPolicyView.swift */ = {isa = PBXFileReference; lastKnownFileType = sourcecode.swift; path = PrivacyPolicyView.swift; sourceTree = "<group>"; };
		87702710293F93500048A824 /* EditSectionsView.swift */ = {isa = PBXFileReference; lastKnownFileType = sourcecode.swift; path = EditSectionsView.swift; sourceTree = "<group>"; };
		8771F077294906C600810C65 /* ListContactsView.swift */ = {isa = PBXFileReference; lastKnownFileType = sourcecode.swift; path = ListContactsView.swift; sourceTree = "<group>"; };
		8774D6FB292D1DEA00FCC1BE /* DetailPageViewModel.swift */ = {isa = PBXFileReference; lastKnownFileType = sourcecode.swift; path = DetailPageViewModel.swift; sourceTree = "<group>"; };
		8774D6FD292D20CB00FCC1BE /* CustomSelectionView.swift */ = {isa = PBXFileReference; lastKnownFileType = sourcecode.swift; path = CustomSelectionView.swift; sourceTree = "<group>"; };
		879A190D2947AC8E00D017C3 /* messageView.swift */ = {isa = PBXFileReference; lastKnownFileType = sourcecode.swift; path = messageView.swift; sourceTree = "<group>"; };
		879B0E922948E0EA0000119B /* Message.swift */ = {isa = PBXFileReference; lastKnownFileType = sourcecode.swift; path = Message.swift; sourceTree = "<group>"; };
		879B0E942948E41D0000119B /* MessageServices.swift */ = {isa = PBXFileReference; lastKnownFileType = sourcecode.swift; path = MessageServices.swift; sourceTree = "<group>"; };
		879B2F9E2927A68B00249774 /* ForgetPasswordViewModel.swift */ = {isa = PBXFileReference; lastKnownFileType = sourcecode.swift; path = ForgetPasswordViewModel.swift; sourceTree = "<group>"; };
		879BC95E293B4EF700FA2E44 /* AddCourseViewModel.swift */ = {isa = PBXFileReference; lastKnownFileType = sourcecode.swift; path = AddCourseViewModel.swift; sourceTree = "<group>"; };
		879E5C80292BE19600573969 /* SessionManager.swift */ = {isa = PBXFileReference; lastKnownFileType = sourcecode.swift; path = SessionManager.swift; sourceTree = "<group>"; };
		879E5C82292BE53400573969 /* CourseDetailView.swift */ = {isa = PBXFileReference; lastKnownFileType = sourcecode.swift; path = CourseDetailView.swift; sourceTree = "<group>"; };
		87A371D72930F6E500685486 /* customTextField.swift */ = {isa = PBXFileReference; lastKnownFileType = sourcecode.swift; path = customTextField.swift; sourceTree = "<group>"; };
		87A4E85829229F1A00E2A505 /* MultiSelectionView.swift */ = {isa = PBXFileReference; lastKnownFileType = sourcecode.swift; path = MultiSelectionView.swift; sourceTree = "<group>"; };
		87A4E85A29229F7200E2A505 /* MultiSelector.swift */ = {isa = PBXFileReference; lastKnownFileType = sourcecode.swift; path = MultiSelector.swift; sourceTree = "<group>"; };
		87A4E85C2922A3CF00E2A505 /* CustomPicker2View.swift */ = {isa = PBXFileReference; lastKnownFileType = sourcecode.swift; path = CustomPicker2View.swift; sourceTree = "<group>"; };
		87A4E8602922B30E00E2A505 /* constant.swift */ = {isa = PBXFileReference; lastKnownFileType = sourcecode.swift; path = constant.swift; sourceTree = "<group>"; };
		87A5AEDA2928ED3E00FDB9B4 /* ForgetPasswordVerificationModelView.swift */ = {isa = PBXFileReference; lastKnownFileType = sourcecode.swift; path = ForgetPasswordVerificationModelView.swift; sourceTree = "<group>"; };
		87AA85FF2922354F009536CA /* ChangePasswordView.swift */ = {isa = PBXFileReference; lastKnownFileType = sourcecode.swift; path = ChangePasswordView.swift; sourceTree = "<group>"; };
		87AD691D293E6656000F0A88 /* EditCourseView.swift */ = {isa = PBXFileReference; lastKnownFileType = sourcecode.swift; path = EditCourseView.swift; sourceTree = "<group>"; };
		87AD691F293E66E0000F0A88 /* EditCourseViewModel.swift */ = {isa = PBXFileReference; lastKnownFileType = sourcecode.swift; path = EditCourseViewModel.swift; sourceTree = "<group>"; };
		87B21C6D29325A1E000FD964 /* AddCourseView.swift */ = {isa = PBXFileReference; lastKnownFileType = sourcecode.swift; path = AddCourseView.swift; sourceTree = "<group>"; };
		87B21C6F29326353000FD964 /* Level.swift */ = {isa = PBXFileReference; lastKnownFileType = sourcecode.swift; path = Level.swift; sourceTree = "<group>"; };
		87B92669293607C200F7A082 /* TrainerVerificationView.swift */ = {isa = PBXFileReference; lastKnownFileType = sourcecode.swift; path = TrainerVerificationView.swift; sourceTree = "<group>"; };
		87B9266B29369B4000F7A082 /* CourseServices.swift */ = {isa = PBXFileReference; lastKnownFileType = sourcecode.swift; path = CourseServices.swift; sourceTree = "<group>"; };
		87B9266D2936AA5B00F7A082 /* WishListCard.swift */ = {isa = PBXFileReference; lastKnownFileType = sourcecode.swift; path = WishListCard.swift; sourceTree = "<group>"; };
		87B9266F2936DF7000F7A082 /* SettingsView.swift */ = {isa = PBXFileReference; lastKnownFileType = sourcecode.swift; path = SettingsView.swift; sourceTree = "<group>"; };
/* End PBXFileReference section */

/* Begin PBXFrameworksBuildPhase section */
		28CABB1129191BC400AED109 /* Frameworks */ = {
			isa = PBXFrameworksBuildPhase;
			buildActionMask = 2147483647;
			files = (
				419937CA293FDEED00A0516A /* ExpandableText in Frameworks */,
				8771F0762948ED6F00810C65 /* SocketIO in Frameworks */,
				419495FE293702DE00349A24 /* SlidingTabView in Frameworks */,
				419509A52934BFD400E417FF /* GoogleSignInSwift in Frameworks */,
				87C5CB192923C5050049814E /* SDWebImageSwiftUI in Frameworks */,
				419509A32934BFD400E417FF /* GoogleSignIn in Frameworks */,
				87A4E8642922B85500E2A505 /* SwiftyJSON in Frameworks */,
				8743D05E291FE49300C1781C /* Alamofire in Frameworks */,
			);
			runOnlyForDeploymentPostprocessing = 0;
		};
		28CABB2629191BC600AED109 /* Frameworks */ = {
			isa = PBXFrameworksBuildPhase;
			buildActionMask = 2147483647;
			files = (
			);
			runOnlyForDeploymentPostprocessing = 0;
		};
		28CABB3029191BC600AED109 /* Frameworks */ = {
			isa = PBXFrameworksBuildPhase;
			buildActionMask = 2147483647;
			files = (
			);
			runOnlyForDeploymentPostprocessing = 0;
		};
/* End PBXFrameworksBuildPhase section */

/* Begin PBXGroup section */
		287939552919709700778A5B /* screens */ = {
			isa = PBXGroup;
			children = (
				8743D04F291F9E7900C1781C /* base */,
				28793956291970D300778A5B /* SplashView.swift */,
				287939582919737500778A5B /* WelcomeView.swift */,
				2879395A2919824100778A5B /* LoginView.swift */,
				2879395C2919A57800778A5B /* ForgetPassword.swift */,
				28F322E82919C6FC004DC8C9 /* VerificationView.swift */,
				8741BAB0291E9116002FBDE8 /* SignupView.swift */,
				8741BABD291EC44E002FBDE8 /* HostingTabBarView.swift */,
				8741BABF291EC4B8002FBDE8 /* HomeView.swift */,
				8741BAC1291EC4DF002FBDE8 /* CoursesView.swift */,
				8741BAC3291EC4FD002FBDE8 /* CartView.swift */,
				8741BAC5291EC517002FBDE8 /* ProfileView.swift */,
				8743D054291FD9CC00C1781C /* EditProfileView.swift */,
				8743D058291FE16300C1781C /* ResetPasswordView.swift */,
				87AA85FF2922354F009536CA /* ChangePasswordView.swift */,
				4194EE432929147E001D20D0 /* ProfileTrainerView.swift */,
				419FAD1A293106FD00FA6A49 /* WishListView.swift */,
				879E5C82292BE53400573969 /* CourseDetailView.swift */,
				87B21C6D29325A1E000FD964 /* AddCourseView.swift */,
				87425FAE2934CF0A000961E2 /* NewSectionView.swift */,
				87B92669293607C200F7A082 /* TrainerVerificationView.swift */,
				87B9266F2936DF7000F7A082 /* SettingsView.swift */,
				419495FA2937025300349A24 /* SlidingTabCustomView.swift */,
				4194137B293B7B8800306B28 /* CourseDetailTrainerView.swift */,
				87AD691D293E6656000F0A88 /* EditCourseView.swift */,
				87702710293F93500048A824 /* EditSectionsView.swift */,
				4196A73629403D6B0007B6B3 /* DetailCourseLessonsView.swift */,
				419F2E802943A52A00CE2495 /* ProfileTrainerDetailsView.swift */,
				874981D72943815D0098F4A0 /* ProfileStudentView.swift */,
				876E2F052944AF3800A21304 /* PrivacyPolicyView.swift */,
			);
			path = screens;
			sourceTree = "<group>";
		};
		28CABB0B29191BC400AED109 = {
			isa = PBXGroup;
			children = (
				28CABB1629191BC400AED109 /* najahni */,
				28CABB2C29191BC600AED109 /* najahniTests */,
				28CABB3629191BC600AED109 /* najahniUITests */,
				28CABB1529191BC400AED109 /* Products */,
				879B0E962948E8E30000119B /* Recovered References */,
			);
			sourceTree = "<group>";
		};
		28CABB1529191BC400AED109 /* Products */ = {
			isa = PBXGroup;
			children = (
				28CABB1429191BC400AED109 /* najahni.app */,
				28CABB2929191BC600AED109 /* najahniTests.xctest */,
				28CABB3329191BC600AED109 /* najahniUITests.xctest */,
			);
			name = Products;
			sourceTree = "<group>";
		};
		28CABB1629191BC400AED109 /* najahni */ = {
			isa = PBXGroup;
			children = (
				419509A62934C2EC00E417FF /* Info.plist */,
				41353FAA2923D4F500DAA6C5 /* services */,
				87A4E85F2922B2FB00E2A505 /* utils */,
				8741BAB5291E9C03002FBDE8 /* models */,
				8741BAB2291E952E002FBDE8 /* viewmodels */,
				287939552919709700778A5B /* screens */,
				28CABB1729191BC400AED109 /* najahniApp.swift */,
				28CABB1929191BC400AED109 /* ContentView.swift */,
				28CABB1B29191BC500AED109 /* Assets.xcassets */,
				28CABB2029191BC500AED109 /* Persistence.swift */,
				28CABB2229191BC500AED109 /* najahni.xcdatamodeld */,
				28CABB1D29191BC500AED109 /* Preview Content */,
			);
			path = najahni;
			sourceTree = "<group>";
		};
		28CABB1D29191BC500AED109 /* Preview Content */ = {
			isa = PBXGroup;
			children = (
				28CABB1E29191BC500AED109 /* Preview Assets.xcassets */,
			);
			path = "Preview Content";
			sourceTree = "<group>";
		};
		28CABB2C29191BC600AED109 /* najahniTests */ = {
			isa = PBXGroup;
			children = (
				28CABB2D29191BC600AED109 /* najahniTests.swift */,
			);
			path = najahniTests;
			sourceTree = "<group>";
		};
		28CABB3629191BC600AED109 /* najahniUITests */ = {
			isa = PBXGroup;
			children = (
				28CABB3729191BC600AED109 /* najahniUITests.swift */,
				28CABB3929191BC600AED109 /* najahniUITestsLaunchTests.swift */,
			);
			path = najahniUITests;
			sourceTree = "<group>";
		};
		41353FAA2923D4F500DAA6C5 /* services */ = {
			isa = PBXGroup;
			children = (
				41353FAB2923D51500DAA6C5 /* UserService.swift */,
				87B9266B29369B4000F7A082 /* CourseServices.swift */,
				41BAA2FE293E5433008FEC06 /* SectionService.swift */,
				41BAA302293E62A8008FEC06 /* LessonServices.swift */,
				419937C2293FAE1A00A0516A /* CommentServices.swift */,
				879B0E942948E41D0000119B /* MessageServices.swift */,
				4198CA19294B3C760065E07D /* EnrollServices.swift */,
			);
			path = services;
			sourceTree = "<group>";
		};
		8741BAB2291E952E002FBDE8 /* viewmodels */ = {
			isa = PBXGroup;
			children = (
				8741BAB3291E9557002FBDE8 /* SignupViewModel.swift */,
				8743D056291FDC2200C1781C /* EditAccountViewModel.swift */,
				8743D05A291FE3FB00C1781C /* ResetPasswordViewModel.swift */,
				8743D05F291FE5F800C1781C /* LoginViewModel.swift */,
				879B2F9E2927A68B00249774 /* ForgetPasswordViewModel.swift */,
				87A5AEDA2928ED3E00FDB9B4 /* ForgetPasswordVerificationModelView.swift */,
				414248CD292D4D8F00D35692 /* HomeViewModel.swift */,
				8774D6FB292D1DEA00FCC1BE /* DetailPageViewModel.swift */,
				419509A72934C4E300E417FF /* googlesigninViewModel.swift */,
				419DF04D29353701004BB54E /* ProfileTrainerViewModel.swift */,
				419495F82936B9A300349A24 /* MyCoursesViewModel.swift */,
				879BC95E293B4EF700FA2E44 /* AddCourseViewModel.swift */,
				87AD691F293E66E0000F0A88 /* EditCourseViewModel.swift */,
				872AD030293FE1F70066C22D /* AddLessonViewModel.swift */,
				872AD03429401CC80066C22D /* SectionViewModel.swift */,
				419E5EB929473D6A00AC7538 /* CartViewModel.swift */,
			);
			path = viewmodels;
			sourceTree = "<group>";
		};
		8741BAB5291E9C03002FBDE8 /* models */ = {
			isa = PBXGroup;
			children = (
				8741BAB6291E9C1B002FBDE8 /* enums */,
				8743D061291FF61000C1781C /* User.swift */,
				414248CB292D4CF800D35692 /* Course.swift */,
				41BAA2FC293E504E008FEC06 /* Section.swift */,
				41BAA300293E615B008FEC06 /* Lesson.swift */,
				419937C0293FAD0000A0516A /* Comment.swift */,
				879B0E922948E0EA0000119B /* Message.swift */,
				4198CA17294B37D50065E07D /* Enroll.swift */,
			);
			path = models;
			sourceTree = "<group>";
		};
		8741BAB6291E9C1B002FBDE8 /* enums */ = {
			isa = PBXGroup;
			children = (
				8741BAB7291E9C77002FBDE8 /* Role.swift */,
				8741BAB9291E9CC0002FBDE8 /* Fields.swift */,
				8741BABB291EA33B002FBDE8 /* Sexe.swift */,
				87B21C6F29326353000FD964 /* Level.swift */,
			);
			path = enums;
			sourceTree = "<group>";
		};
		8743D04F291F9E7900C1781C /* base */ = {
			isa = PBXGroup;
			children = (
				879A190C2947AC5700D017C3 /* messaging */,
				8743D052291F9EA300C1781C /* CustomButtonView.swift */,
				87A4E85829229F1A00E2A505 /* MultiSelectionView.swift */,
				87A4E85A29229F7200E2A505 /* MultiSelector.swift */,
				87A4E85C2922A3CF00E2A505 /* CustomPicker2View.swift */,
				4194EE4529291A4A001D20D0 /* CustomBoxView.swift */,
				419B350A292BB49200A8EEA1 /* CustomCardView.swift */,
				4196FA6D292D33500095AD16 /* CustomCard2View.swift */,
				8774D6FD292D20CB00FCC1BE /* CustomSelectionView.swift */,
				87A371D72930F6E500685486 /* customTextField.swift */,
				419DF04B293525AB004BB54E /* CustomCardTrainerView.swift */,
				87B9266D2936AA5B00F7A082 /* WishListCard.swift */,
				4194137D293B9D9C00306B28 /* CustomCardCourseView.swift */,
				4194137F293BA06700306B28 /* ProgressBarView.swift */,
				41941381293BA90400306B28 /* VideoPlayerCourseView.swift */,
				419B69D7293DFBF000B2CF81 /* SectionCardView.swift */,
				419937C6293FC94B00A0516A /* CommentCardView.swift */,
				419937CB293FF07C00A0516A /* CustomCardCartView.swift */,
				4198283E2944D19200D72E45 /* WebView.swift */,
				8771F077294906C600810C65 /* ListContactsView.swift */,
				4198CA1B294B769C0065E07D /* SafariWebView.swift */,
			);
			path = base;
			sourceTree = "<group>";
		};
		879A190C2947AC5700D017C3 /* messaging */ = {
			isa = PBXGroup;
			children = (
				879A190D2947AC8E00D017C3 /* messageView.swift */,
			);
			path = messaging;
			sourceTree = "<group>";
		};
		879B0E962948E8E30000119B /* Recovered References */ = {
			isa = PBXGroup;
			children = (
				419F2E892943A75C00CE2495 /* Message.swift */,
			);
			name = "Recovered References";
			sourceTree = "<group>";
		};
		87A4E85F2922B2FB00E2A505 /* utils */ = {
			isa = PBXGroup;
			children = (
				87A4E8602922B30E00E2A505 /* constant.swift */,
				419E7C3A2928E023007E7D87 /* ImagePicker.swift */,
				879E5C80292BE19600573969 /* SessionManager.swift */,
			);
			path = utils;
			sourceTree = "<group>";
		};
/* End PBXGroup section */

/* Begin PBXNativeTarget section */
		28CABB1329191BC400AED109 /* najahni */ = {
			isa = PBXNativeTarget;
			buildConfigurationList = 28CABB3D29191BC600AED109 /* Build configuration list for PBXNativeTarget "najahni" */;
			buildPhases = (
				28CABB1029191BC400AED109 /* Sources */,
				28CABB1129191BC400AED109 /* Frameworks */,
				28CABB1229191BC400AED109 /* Resources */,
			);
			buildRules = (
			);
			dependencies = (
			);
			name = najahni;
			packageProductDependencies = (
				8743D05D291FE49300C1781C /* Alamofire */,
				87A4E8632922B85500E2A505 /* SwiftyJSON */,
				87C5CB182923C5050049814E /* SDWebImageSwiftUI */,
				419509A22934BFD400E417FF /* GoogleSignIn */,
				419509A42934BFD400E417FF /* GoogleSignInSwift */,
				419495FD293702DE00349A24 /* SlidingTabView */,
				419937C9293FDEED00A0516A /* ExpandableText */,
				8771F0752948ED6F00810C65 /* SocketIO */,
			);
			productName = najahni;
			productReference = 28CABB1429191BC400AED109 /* najahni.app */;
			productType = "com.apple.product-type.application";
		};
		28CABB2829191BC600AED109 /* najahniTests */ = {
			isa = PBXNativeTarget;
			buildConfigurationList = 28CABB4029191BC600AED109 /* Build configuration list for PBXNativeTarget "najahniTests" */;
			buildPhases = (
				28CABB2529191BC600AED109 /* Sources */,
				28CABB2629191BC600AED109 /* Frameworks */,
				28CABB2729191BC600AED109 /* Resources */,
			);
			buildRules = (
			);
			dependencies = (
				28CABB2B29191BC600AED109 /* PBXTargetDependency */,
			);
			name = najahniTests;
			productName = najahniTests;
			productReference = 28CABB2929191BC600AED109 /* najahniTests.xctest */;
			productType = "com.apple.product-type.bundle.unit-test";
		};
		28CABB3229191BC600AED109 /* najahniUITests */ = {
			isa = PBXNativeTarget;
			buildConfigurationList = 28CABB4329191BC600AED109 /* Build configuration list for PBXNativeTarget "najahniUITests" */;
			buildPhases = (
				28CABB2F29191BC600AED109 /* Sources */,
				28CABB3029191BC600AED109 /* Frameworks */,
				28CABB3129191BC600AED109 /* Resources */,
			);
			buildRules = (
			);
			dependencies = (
				28CABB3529191BC600AED109 /* PBXTargetDependency */,
			);
			name = najahniUITests;
			productName = najahniUITests;
			productReference = 28CABB3329191BC600AED109 /* najahniUITests.xctest */;
			productType = "com.apple.product-type.bundle.ui-testing";
		};
/* End PBXNativeTarget section */

/* Begin PBXProject section */
		28CABB0C29191BC400AED109 /* Project object */ = {
			isa = PBXProject;
			attributes = {
				BuildIndependentTargetsInParallel = 1;
				LastSwiftUpdateCheck = 1300;
				LastUpgradeCheck = 1300;
				TargetAttributes = {
					28CABB1329191BC400AED109 = {
						CreatedOnToolsVersion = 13.0;
					};
					28CABB2829191BC600AED109 = {
						CreatedOnToolsVersion = 13.0;
						TestTargetID = 28CABB1329191BC400AED109;
					};
					28CABB3229191BC600AED109 = {
						CreatedOnToolsVersion = 13.0;
						TestTargetID = 28CABB1329191BC400AED109;
					};
				};
			};
			buildConfigurationList = 28CABB0F29191BC400AED109 /* Build configuration list for PBXProject "najahni" */;
			compatibilityVersion = "Xcode 13.0";
			developmentRegion = en;
			hasScannedForEncodings = 0;
			knownRegions = (
				en,
				Base,
			);
			mainGroup = 28CABB0B29191BC400AED109;
			packageReferences = (
				8743D05C291FE49300C1781C /* XCRemoteSwiftPackageReference "Alamofire" */,
				87A4E8622922B85500E2A505 /* XCRemoteSwiftPackageReference "SwiftyJSON" */,
				87C5CB172923C5050049814E /* XCRemoteSwiftPackageReference "SDWebImageSwiftUI" */,
				419509A12934BFD400E417FF /* XCRemoteSwiftPackageReference "GoogleSignIn-iOS" */,
				419495FC293702DE00349A24 /* XCRemoteSwiftPackageReference "SlidingTabView" */,
				419937C8293FDEED00A0516A /* XCRemoteSwiftPackageReference "ExpandableText" */,
				8771F0742948ED6F00810C65 /* XCRemoteSwiftPackageReference "socket" */,
			);
			productRefGroup = 28CABB1529191BC400AED109 /* Products */;
			projectDirPath = "";
			projectRoot = "";
			targets = (
				28CABB1329191BC400AED109 /* najahni */,
				28CABB2829191BC600AED109 /* najahniTests */,
				28CABB3229191BC600AED109 /* najahniUITests */,
			);
		};
/* End PBXProject section */

/* Begin PBXResourcesBuildPhase section */
		28CABB1229191BC400AED109 /* Resources */ = {
			isa = PBXResourcesBuildPhase;
			buildActionMask = 2147483647;
			files = (
				28CABB1F29191BC500AED109 /* Preview Assets.xcassets in Resources */,
				28CABB1C29191BC500AED109 /* Assets.xcassets in Resources */,
			);
			runOnlyForDeploymentPostprocessing = 0;
		};
		28CABB2729191BC600AED109 /* Resources */ = {
			isa = PBXResourcesBuildPhase;
			buildActionMask = 2147483647;
			files = (
			);
			runOnlyForDeploymentPostprocessing = 0;
		};
		28CABB3129191BC600AED109 /* Resources */ = {
			isa = PBXResourcesBuildPhase;
			buildActionMask = 2147483647;
			files = (
			);
			runOnlyForDeploymentPostprocessing = 0;
		};
/* End PBXResourcesBuildPhase section */

/* Begin PBXSourcesBuildPhase section */
		28CABB1029191BC400AED109 /* Sources */ = {
			isa = PBXSourcesBuildPhase;
			buildActionMask = 2147483647;
			files = (
				872AD031293FE1F70066C22D /* AddLessonViewModel.swift in Sources */,
				879E5C83292BE53400573969 /* CourseDetailView.swift in Sources */,
				8743D062291FF61000C1781C /* User.swift in Sources */,
				876E2F062944AF3800A21304 /* PrivacyPolicyView.swift in Sources */,
				8743D055291FD9CD00C1781C /* EditProfileView.swift in Sources */,
				41BAA2FF293E5433008FEC06 /* SectionService.swift in Sources */,
				879BC95F293B4EF700FA2E44 /* AddCourseViewModel.swift in Sources */,
				4194EE442929147E001D20D0 /* ProfileTrainerView.swift in Sources */,
				87A4E85B29229F7200E2A505 /* MultiSelector.swift in Sources */,
				419E7C3B2928E023007E7D87 /* ImagePicker.swift in Sources */,
				8741BAC4291EC4FD002FBDE8 /* CartView.swift in Sources */,
				419937CC293FF07C00A0516A /* CustomCardCartView.swift in Sources */,
				419509A82934C4E300E417FF /* googlesigninViewModel.swift in Sources */,
				28CABB2129191BC500AED109 /* Persistence.swift in Sources */,
				87A371D82930F6E500685486 /* customTextField.swift in Sources */,
				8741BAC2291EC4DF002FBDE8 /* CoursesView.swift in Sources */,
				8743D057291FDC2200C1781C /* EditAccountViewModel.swift in Sources */,
				4194EE4629291A4A001D20D0 /* CustomBoxView.swift in Sources */,
				8741BABE291EC44E002FBDE8 /* HostingTabBarView.swift in Sources */,
				41BAA2FD293E504E008FEC06 /* Section.swift in Sources */,
				4194137E293B9D9C00306B28 /* CustomCardCourseView.swift in Sources */,
				4196FA6E292D33500095AD16 /* CustomCard2View.swift in Sources */,
				87A4E8612922B30E00E2A505 /* constant.swift in Sources */,
				874981D82943815D0098F4A0 /* ProfileStudentView.swift in Sources */,
				87A4E85929229F1A00E2A505 /* MultiSelectionView.swift in Sources */,
				87B9266C29369B4000F7A082 /* CourseServices.swift in Sources */,
				87B926702936DF7000F7A082 /* SettingsView.swift in Sources */,
				2879395D2919A57800778A5B /* ForgetPassword.swift in Sources */,
				4194137C293B7B8800306B28 /* CourseDetailTrainerView.swift in Sources */,
				879A190E2947AC8E00D017C3 /* messageView.swift in Sources */,
				87AD6920293E66E0000F0A88 /* EditCourseViewModel.swift in Sources */,
				2879395B2919824100778A5B /* LoginView.swift in Sources */,
				287939592919737500778A5B /* WelcomeView.swift in Sources */,
				8774D6FC292D1DEA00FCC1BE /* DetailPageViewModel.swift in Sources */,
				8741BAB1291E9116002FBDE8 /* SignupView.swift in Sources */,
				8741BAB4291E9557002FBDE8 /* SignupViewModel.swift in Sources */,
				8774D6FE292D20CB00FCC1BE /* CustomSelectionView.swift in Sources */,
				87A5AEDB2928ED3E00FDB9B4 /* ForgetPasswordVerificationModelView.swift in Sources */,
				28CABB2429191BC500AED109 /* najahni.xcdatamodeld in Sources */,
				8771F078294906C600810C65 /* ListContactsView.swift in Sources */,
				87425FAF2934CF0A000961E2 /* NewSectionView.swift in Sources */,
				419937C3293FAE1A00A0516A /* CommentServices.swift in Sources */,
				879B2F9F2927A68B00249774 /* ForgetPasswordViewModel.swift in Sources */,
				414248CE292D4D8F00D35692 /* HomeViewModel.swift in Sources */,
				87B9266E2936AA5B00F7A082 /* WishListCard.swift in Sources */,
				28793957291970D300778A5B /* SplashView.swift in Sources */,
				8743D060291FE5F800C1781C /* LoginViewModel.swift in Sources */,
				87AD691E293E6656000F0A88 /* EditCourseView.swift in Sources */,
				419937C7293FC94B00A0516A /* CommentCardView.swift in Sources */,
				4196A73729403D6B0007B6B3 /* DetailCourseLessonsView.swift in Sources */,
				4198283F2944D19200D72E45 /* WebView.swift in Sources */,
				87B21C7029326353000FD964 /* Level.swift in Sources */,
				419B350B292BB49200A8EEA1 /* CustomCardView.swift in Sources */,
				419937C1293FAD0000A0516A /* Comment.swift in Sources */,
				879B0E932948E0EA0000119B /* Message.swift in Sources */,
				4198CA1C294B769C0065E07D /* SafariWebView.swift in Sources */,
				419F2E812943A52A00CE2495 /* ProfileTrainerDetailsView.swift in Sources */,
				419495FB2937025300349A24 /* SlidingTabCustomView.swift in Sources */,
				4198CA18294B37D50065E07D /* Enroll.swift in Sources */,
				87AA86002922354F009536CA /* ChangePasswordView.swift in Sources */,
				419DF04C293525AB004BB54E /* CustomCardTrainerView.swift in Sources */,
				41941380293BA06700306B28 /* ProgressBarView.swift in Sources */,
				8741BABC291EA33B002FBDE8 /* Sexe.swift in Sources */,
				419B69D8293DFBF000B2CF81 /* SectionCardView.swift in Sources */,
				41BAA301293E615B008FEC06 /* Lesson.swift in Sources */,
				8741BABA291E9CC0002FBDE8 /* Fields.swift in Sources */,
				419FAD1B293106FD00FA6A49 /* WishListView.swift in Sources */,
				28F322E92919C6FC004DC8C9 /* VerificationView.swift in Sources */,
				87B21C6E29325A1E000FD964 /* AddCourseView.swift in Sources */,
				41BAA303293E62A8008FEC06 /* LessonServices.swift in Sources */,
				28CABB1A29191BC400AED109 /* ContentView.swift in Sources */,
				419DF04E29353701004BB54E /* ProfileTrainerViewModel.swift in Sources */,
				8743D05B291FE3FB00C1781C /* ResetPasswordViewModel.swift in Sources */,
				87702711293F93500048A824 /* EditSectionsView.swift in Sources */,
				419495F92936B9A300349A24 /* MyCoursesViewModel.swift in Sources */,
				8743D053291F9EA300C1781C /* CustomButtonView.swift in Sources */,
				414248CC292D4CF800D35692 /* Course.swift in Sources */,
				87A4E85D2922A3CF00E2A505 /* CustomPicker2View.swift in Sources */,
				419E5EBA29473D6A00AC7538 /* CartViewModel.swift in Sources */,
				8741BAC0291EC4B8002FBDE8 /* HomeView.swift in Sources */,
				8741BAC6291EC517002FBDE8 /* ProfileView.swift in Sources */,
				879B0E952948E41D0000119B /* MessageServices.swift in Sources */,
				41353FAC2923D51500DAA6C5 /* UserService.swift in Sources */,
				8743D059291FE16300C1781C /* ResetPasswordView.swift in Sources */,
				872AD03529401CC80066C22D /* SectionViewModel.swift in Sources */,
				28CABB1829191BC400AED109 /* najahniApp.swift in Sources */,
				8741BAB8291E9C77002FBDE8 /* Role.swift in Sources */,
				87B9266A293607C200F7A082 /* TrainerVerificationView.swift in Sources */,
				4198CA1A294B3C760065E07D /* EnrollServices.swift in Sources */,
				41941382293BA90400306B28 /* VideoPlayerCourseView.swift in Sources */,
				879E5C81292BE19600573969 /* SessionManager.swift in Sources */,
			);
			runOnlyForDeploymentPostprocessing = 0;
		};
		28CABB2529191BC600AED109 /* Sources */ = {
			isa = PBXSourcesBuildPhase;
			buildActionMask = 2147483647;
			files = (
				28CABB2E29191BC600AED109 /* najahniTests.swift in Sources */,
			);
			runOnlyForDeploymentPostprocessing = 0;
		};
		28CABB2F29191BC600AED109 /* Sources */ = {
			isa = PBXSourcesBuildPhase;
			buildActionMask = 2147483647;
			files = (
				28CABB3A29191BC600AED109 /* najahniUITestsLaunchTests.swift in Sources */,
				28CABB3829191BC600AED109 /* najahniUITests.swift in Sources */,
			);
			runOnlyForDeploymentPostprocessing = 0;
		};
/* End PBXSourcesBuildPhase section */

/* Begin PBXTargetDependency section */
		28CABB2B29191BC600AED109 /* PBXTargetDependency */ = {
			isa = PBXTargetDependency;
			target = 28CABB1329191BC400AED109 /* najahni */;
			targetProxy = 28CABB2A29191BC600AED109 /* PBXContainerItemProxy */;
		};
		28CABB3529191BC600AED109 /* PBXTargetDependency */ = {
			isa = PBXTargetDependency;
			target = 28CABB1329191BC400AED109 /* najahni */;
			targetProxy = 28CABB3429191BC600AED109 /* PBXContainerItemProxy */;
		};
/* End PBXTargetDependency section */

/* Begin XCBuildConfiguration section */
		28CABB3B29191BC600AED109 /* Debug */ = {
			isa = XCBuildConfiguration;
			buildSettings = {
				ALWAYS_SEARCH_USER_PATHS = NO;
				CLANG_ANALYZER_NONNULL = YES;
				CLANG_ANALYZER_NUMBER_OBJECT_CONVERSION = YES_AGGRESSIVE;
				CLANG_CXX_LANGUAGE_STANDARD = "gnu++17";
				CLANG_CXX_LIBRARY = "libc++";
				CLANG_ENABLE_MODULES = YES;
				CLANG_ENABLE_OBJC_ARC = YES;
				CLANG_ENABLE_OBJC_WEAK = YES;
				CLANG_WARN_BLOCK_CAPTURE_AUTORELEASING = YES;
				CLANG_WARN_BOOL_CONVERSION = YES;
				CLANG_WARN_COMMA = YES;
				CLANG_WARN_CONSTANT_CONVERSION = YES;
				CLANG_WARN_DEPRECATED_OBJC_IMPLEMENTATIONS = YES;
				CLANG_WARN_DIRECT_OBJC_ISA_USAGE = YES_ERROR;
				CLANG_WARN_DOCUMENTATION_COMMENTS = YES;
				CLANG_WARN_EMPTY_BODY = YES;
				CLANG_WARN_ENUM_CONVERSION = YES;
				CLANG_WARN_INFINITE_RECURSION = YES;
				CLANG_WARN_INT_CONVERSION = YES;
				CLANG_WARN_NON_LITERAL_NULL_CONVERSION = YES;
				CLANG_WARN_OBJC_IMPLICIT_RETAIN_SELF = YES;
				CLANG_WARN_OBJC_LITERAL_CONVERSION = YES;
				CLANG_WARN_OBJC_ROOT_CLASS = YES_ERROR;
				CLANG_WARN_QUOTED_INCLUDE_IN_FRAMEWORK_HEADER = YES;
				CLANG_WARN_RANGE_LOOP_ANALYSIS = YES;
				CLANG_WARN_STRICT_PROTOTYPES = YES;
				CLANG_WARN_SUSPICIOUS_MOVE = YES;
				CLANG_WARN_UNGUARDED_AVAILABILITY = YES_AGGRESSIVE;
				CLANG_WARN_UNREACHABLE_CODE = YES;
				CLANG_WARN__DUPLICATE_METHOD_MATCH = YES;
				COPY_PHASE_STRIP = NO;
				DEBUG_INFORMATION_FORMAT = dwarf;
				ENABLE_STRICT_OBJC_MSGSEND = YES;
				ENABLE_TESTABILITY = YES;
				GCC_C_LANGUAGE_STANDARD = gnu11;
				GCC_DYNAMIC_NO_PIC = NO;
				GCC_NO_COMMON_BLOCKS = YES;
				GCC_OPTIMIZATION_LEVEL = 0;
				GCC_PREPROCESSOR_DEFINITIONS = (
					"DEBUG=1",
					"$(inherited)",
				);
				GCC_WARN_64_TO_32_BIT_CONVERSION = YES;
				GCC_WARN_ABOUT_RETURN_TYPE = YES_ERROR;
				GCC_WARN_UNDECLARED_SELECTOR = YES;
				GCC_WARN_UNINITIALIZED_AUTOS = YES_AGGRESSIVE;
				GCC_WARN_UNUSED_FUNCTION = YES;
				GCC_WARN_UNUSED_VARIABLE = YES;
				IPHONEOS_DEPLOYMENT_TARGET = 15.0;
				MTL_ENABLE_DEBUG_INFO = INCLUDE_SOURCE;
				MTL_FAST_MATH = YES;
				ONLY_ACTIVE_ARCH = YES;
				SDKROOT = iphoneos;
				SWIFT_ACTIVE_COMPILATION_CONDITIONS = DEBUG;
				SWIFT_OPTIMIZATION_LEVEL = "-Onone";
			};
			name = Debug;
		};
		28CABB3C29191BC600AED109 /* Release */ = {
			isa = XCBuildConfiguration;
			buildSettings = {
				ALWAYS_SEARCH_USER_PATHS = NO;
				CLANG_ANALYZER_NONNULL = YES;
				CLANG_ANALYZER_NUMBER_OBJECT_CONVERSION = YES_AGGRESSIVE;
				CLANG_CXX_LANGUAGE_STANDARD = "gnu++17";
				CLANG_CXX_LIBRARY = "libc++";
				CLANG_ENABLE_MODULES = YES;
				CLANG_ENABLE_OBJC_ARC = YES;
				CLANG_ENABLE_OBJC_WEAK = YES;
				CLANG_WARN_BLOCK_CAPTURE_AUTORELEASING = YES;
				CLANG_WARN_BOOL_CONVERSION = YES;
				CLANG_WARN_COMMA = YES;
				CLANG_WARN_CONSTANT_CONVERSION = YES;
				CLANG_WARN_DEPRECATED_OBJC_IMPLEMENTATIONS = YES;
				CLANG_WARN_DIRECT_OBJC_ISA_USAGE = YES_ERROR;
				CLANG_WARN_DOCUMENTATION_COMMENTS = YES;
				CLANG_WARN_EMPTY_BODY = YES;
				CLANG_WARN_ENUM_CONVERSION = YES;
				CLANG_WARN_INFINITE_RECURSION = YES;
				CLANG_WARN_INT_CONVERSION = YES;
				CLANG_WARN_NON_LITERAL_NULL_CONVERSION = YES;
				CLANG_WARN_OBJC_IMPLICIT_RETAIN_SELF = YES;
				CLANG_WARN_OBJC_LITERAL_CONVERSION = YES;
				CLANG_WARN_OBJC_ROOT_CLASS = YES_ERROR;
				CLANG_WARN_QUOTED_INCLUDE_IN_FRAMEWORK_HEADER = YES;
				CLANG_WARN_RANGE_LOOP_ANALYSIS = YES;
				CLANG_WARN_STRICT_PROTOTYPES = YES;
				CLANG_WARN_SUSPICIOUS_MOVE = YES;
				CLANG_WARN_UNGUARDED_AVAILABILITY = YES_AGGRESSIVE;
				CLANG_WARN_UNREACHABLE_CODE = YES;
				CLANG_WARN__DUPLICATE_METHOD_MATCH = YES;
				COPY_PHASE_STRIP = NO;
				DEBUG_INFORMATION_FORMAT = "dwarf-with-dsym";
				ENABLE_NS_ASSERTIONS = NO;
				ENABLE_STRICT_OBJC_MSGSEND = YES;
				GCC_C_LANGUAGE_STANDARD = gnu11;
				GCC_NO_COMMON_BLOCKS = YES;
				GCC_WARN_64_TO_32_BIT_CONVERSION = YES;
				GCC_WARN_ABOUT_RETURN_TYPE = YES_ERROR;
				GCC_WARN_UNDECLARED_SELECTOR = YES;
				GCC_WARN_UNINITIALIZED_AUTOS = YES_AGGRESSIVE;
				GCC_WARN_UNUSED_FUNCTION = YES;
				GCC_WARN_UNUSED_VARIABLE = YES;
				IPHONEOS_DEPLOYMENT_TARGET = 15.0;
				MTL_ENABLE_DEBUG_INFO = NO;
				MTL_FAST_MATH = YES;
				SDKROOT = iphoneos;
				SWIFT_COMPILATION_MODE = wholemodule;
				SWIFT_OPTIMIZATION_LEVEL = "-O";
				VALIDATE_PRODUCT = YES;
			};
			name = Release;
		};
		28CABB3E29191BC600AED109 /* Debug */ = {
			isa = XCBuildConfiguration;
			buildSettings = {
				ASSETCATALOG_COMPILER_APPICON_NAME = AppIcon;
				ASSETCATALOG_COMPILER_GLOBAL_ACCENT_COLOR_NAME = AccentColor;
				CODE_SIGN_STYLE = Automatic;
				CURRENT_PROJECT_VERSION = 1;
				DEVELOPMENT_ASSET_PATHS = "\"najahni/Preview Content\"";
				ENABLE_PREVIEWS = YES;
				GENERATE_INFOPLIST_FILE = YES;
				INFOPLIST_FILE = najahni/Info.plist;
				INFOPLIST_KEY_UIApplicationSceneManifest_Generation = YES;
				INFOPLIST_KEY_UIApplicationSupportsIndirectInputEvents = YES;
				INFOPLIST_KEY_UILaunchScreen_Generation = YES;
				INFOPLIST_KEY_UISupportedInterfaceOrientations_iPad = "UIInterfaceOrientationPortrait UIInterfaceOrientationPortraitUpsideDown UIInterfaceOrientationLandscapeLeft UIInterfaceOrientationLandscapeRight";
				INFOPLIST_KEY_UISupportedInterfaceOrientations_iPhone = "UIInterfaceOrientationPortrait UIInterfaceOrientationLandscapeLeft UIInterfaceOrientationLandscapeRight";
				IPHONEOS_DEPLOYMENT_TARGET = 14.0;
				LD_RUNPATH_SEARCH_PATHS = (
					"$(inherited)",
					"@executable_path/Frameworks",
				);
				MARKETING_VERSION = 1.0;
				PRODUCT_BUNDLE_IDENTIFIER = com.esprit.najahni;
				PRODUCT_NAME = "$(TARGET_NAME)";
				SWIFT_EMIT_LOC_STRINGS = YES;
				SWIFT_VERSION = 5.0;
				TARGETED_DEVICE_FAMILY = "1,2";
			};
			name = Debug;
		};
		28CABB3F29191BC600AED109 /* Release */ = {
			isa = XCBuildConfiguration;
			buildSettings = {
				ASSETCATALOG_COMPILER_APPICON_NAME = AppIcon;
				ASSETCATALOG_COMPILER_GLOBAL_ACCENT_COLOR_NAME = AccentColor;
				CODE_SIGN_STYLE = Automatic;
				CURRENT_PROJECT_VERSION = 1;
				DEVELOPMENT_ASSET_PATHS = "\"najahni/Preview Content\"";
				ENABLE_PREVIEWS = YES;
				GENERATE_INFOPLIST_FILE = YES;
				INFOPLIST_FILE = najahni/Info.plist;
				INFOPLIST_KEY_UIApplicationSceneManifest_Generation = YES;
				INFOPLIST_KEY_UIApplicationSupportsIndirectInputEvents = YES;
				INFOPLIST_KEY_UILaunchScreen_Generation = YES;
				INFOPLIST_KEY_UISupportedInterfaceOrientations_iPad = "UIInterfaceOrientationPortrait UIInterfaceOrientationPortraitUpsideDown UIInterfaceOrientationLandscapeLeft UIInterfaceOrientationLandscapeRight";
				INFOPLIST_KEY_UISupportedInterfaceOrientations_iPhone = "UIInterfaceOrientationPortrait UIInterfaceOrientationLandscapeLeft UIInterfaceOrientationLandscapeRight";
				IPHONEOS_DEPLOYMENT_TARGET = 14.0;
				LD_RUNPATH_SEARCH_PATHS = (
					"$(inherited)",
					"@executable_path/Frameworks",
				);
				MARKETING_VERSION = 1.0;
				PRODUCT_BUNDLE_IDENTIFIER = com.esprit.najahni;
				PRODUCT_NAME = "$(TARGET_NAME)";
				SWIFT_EMIT_LOC_STRINGS = YES;
				SWIFT_VERSION = 5.0;
				TARGETED_DEVICE_FAMILY = "1,2";
			};
			name = Release;
		};
		28CABB4129191BC600AED109 /* Debug */ = {
			isa = XCBuildConfiguration;
			buildSettings = {
				ALWAYS_EMBED_SWIFT_STANDARD_LIBRARIES = YES;
				BUNDLE_LOADER = "$(TEST_HOST)";
				CODE_SIGN_STYLE = Automatic;
				CURRENT_PROJECT_VERSION = 1;
				GENERATE_INFOPLIST_FILE = YES;
				IPHONEOS_DEPLOYMENT_TARGET = 14.0;
				LD_RUNPATH_SEARCH_PATHS = (
					"$(inherited)",
					"@executable_path/Frameworks",
					"@loader_path/Frameworks",
				);
				MARKETING_VERSION = 1.0;
				PRODUCT_BUNDLE_IDENTIFIER = com.esprit.najahniTests;
				PRODUCT_NAME = "$(TARGET_NAME)";
				SWIFT_EMIT_LOC_STRINGS = NO;
				SWIFT_VERSION = 5.0;
				TARGETED_DEVICE_FAMILY = "1,2";
				TEST_HOST = "$(BUILT_PRODUCTS_DIR)/najahni.app/najahni";
			};
			name = Debug;
		};
		28CABB4229191BC600AED109 /* Release */ = {
			isa = XCBuildConfiguration;
			buildSettings = {
				ALWAYS_EMBED_SWIFT_STANDARD_LIBRARIES = YES;
				BUNDLE_LOADER = "$(TEST_HOST)";
				CODE_SIGN_STYLE = Automatic;
				CURRENT_PROJECT_VERSION = 1;
				GENERATE_INFOPLIST_FILE = YES;
				IPHONEOS_DEPLOYMENT_TARGET = 14.0;
				LD_RUNPATH_SEARCH_PATHS = (
					"$(inherited)",
					"@executable_path/Frameworks",
					"@loader_path/Frameworks",
				);
				MARKETING_VERSION = 1.0;
				PRODUCT_BUNDLE_IDENTIFIER = com.esprit.najahniTests;
				PRODUCT_NAME = "$(TARGET_NAME)";
				SWIFT_EMIT_LOC_STRINGS = NO;
				SWIFT_VERSION = 5.0;
				TARGETED_DEVICE_FAMILY = "1,2";
				TEST_HOST = "$(BUILT_PRODUCTS_DIR)/najahni.app/najahni";
			};
			name = Release;
		};
		28CABB4429191BC600AED109 /* Debug */ = {
			isa = XCBuildConfiguration;
			buildSettings = {
				ALWAYS_EMBED_SWIFT_STANDARD_LIBRARIES = YES;
				CODE_SIGN_STYLE = Automatic;
				CURRENT_PROJECT_VERSION = 1;
				GENERATE_INFOPLIST_FILE = YES;
				LD_RUNPATH_SEARCH_PATHS = (
					"$(inherited)",
					"@executable_path/Frameworks",
					"@loader_path/Frameworks",
				);
				MARKETING_VERSION = 1.0;
				PRODUCT_BUNDLE_IDENTIFIER = com.esprit.najahniUITests;
				PRODUCT_NAME = "$(TARGET_NAME)";
				SWIFT_EMIT_LOC_STRINGS = NO;
				SWIFT_VERSION = 5.0;
				TARGETED_DEVICE_FAMILY = "1,2";
				TEST_TARGET_NAME = najahni;
			};
			name = Debug;
		};
		28CABB4529191BC600AED109 /* Release */ = {
			isa = XCBuildConfiguration;
			buildSettings = {
				ALWAYS_EMBED_SWIFT_STANDARD_LIBRARIES = YES;
				CODE_SIGN_STYLE = Automatic;
				CURRENT_PROJECT_VERSION = 1;
				GENERATE_INFOPLIST_FILE = YES;
				LD_RUNPATH_SEARCH_PATHS = (
					"$(inherited)",
					"@executable_path/Frameworks",
					"@loader_path/Frameworks",
				);
				MARKETING_VERSION = 1.0;
				PRODUCT_BUNDLE_IDENTIFIER = com.esprit.najahniUITests;
				PRODUCT_NAME = "$(TARGET_NAME)";
				SWIFT_EMIT_LOC_STRINGS = NO;
				SWIFT_VERSION = 5.0;
				TARGETED_DEVICE_FAMILY = "1,2";
				TEST_TARGET_NAME = najahni;
			};
			name = Release;
		};
/* End XCBuildConfiguration section */

/* Begin XCConfigurationList section */
		28CABB0F29191BC400AED109 /* Build configuration list for PBXProject "najahni" */ = {
			isa = XCConfigurationList;
			buildConfigurations = (
				28CABB3B29191BC600AED109 /* Debug */,
				28CABB3C29191BC600AED109 /* Release */,
			);
			defaultConfigurationIsVisible = 0;
			defaultConfigurationName = Release;
		};
		28CABB3D29191BC600AED109 /* Build configuration list for PBXNativeTarget "najahni" */ = {
			isa = XCConfigurationList;
			buildConfigurations = (
				28CABB3E29191BC600AED109 /* Debug */,
				28CABB3F29191BC600AED109 /* Release */,
			);
			defaultConfigurationIsVisible = 0;
			defaultConfigurationName = Release;
		};
		28CABB4029191BC600AED109 /* Build configuration list for PBXNativeTarget "najahniTests" */ = {
			isa = XCConfigurationList;
			buildConfigurations = (
				28CABB4129191BC600AED109 /* Debug */,
				28CABB4229191BC600AED109 /* Release */,
			);
			defaultConfigurationIsVisible = 0;
			defaultConfigurationName = Release;
		};
		28CABB4329191BC600AED109 /* Build configuration list for PBXNativeTarget "najahniUITests" */ = {
			isa = XCConfigurationList;
			buildConfigurations = (
				28CABB4429191BC600AED109 /* Debug */,
				28CABB4529191BC600AED109 /* Release */,
			);
			defaultConfigurationIsVisible = 0;
			defaultConfigurationName = Release;
		};
/* End XCConfigurationList section */

/* Begin XCRemoteSwiftPackageReference section */
		419495FC293702DE00349A24 /* XCRemoteSwiftPackageReference "SlidingTabView" */ = {
			isa = XCRemoteSwiftPackageReference;
			repositoryURL = "https://github.com/QuynhNguyen/SlidingTabView";
			requirement = {
				kind = upToNextMajorVersion;
				minimumVersion = 1.0.0;
			};
		};
		419509A12934BFD400E417FF /* XCRemoteSwiftPackageReference "GoogleSignIn-iOS" */ = {
			isa = XCRemoteSwiftPackageReference;
			repositoryURL = "https://github.com/google/GoogleSignIn-iOS";
			requirement = {
				kind = upToNextMajorVersion;
				minimumVersion = 6.0.0;
			};
		};
		419937C8293FDEED00A0516A /* XCRemoteSwiftPackageReference "ExpandableText" */ = {
			isa = XCRemoteSwiftPackageReference;
			repositoryURL = "https://github.com/NuPlay/ExpandableText";
			requirement = {
				kind = upToNextMajorVersion;
				minimumVersion = 1.0.0;
			};
		};
		8743D05C291FE49300C1781C /* XCRemoteSwiftPackageReference "Alamofire" */ = {
			isa = XCRemoteSwiftPackageReference;
			repositoryURL = "https://github.com/Alamofire/Alamofire.git";
			requirement = {
				kind = upToNextMajorVersion;
				minimumVersion = 5.0.0;
			};
		};
		8771F0742948ED6F00810C65 /* XCRemoteSwiftPackageReference "socket" */ = {
			isa = XCRemoteSwiftPackageReference;
			repositoryURL = "https://github.com/socketio/socket.io-client-swift";
			requirement = {
				branch = master;
				kind = branch;
			};
		};
		87A4E8622922B85500E2A505 /* XCRemoteSwiftPackageReference "SwiftyJSON" */ = {
			isa = XCRemoteSwiftPackageReference;
			repositoryURL = "https://github.com/SwiftyJSON/SwiftyJSON.git";
			requirement = {
				kind = upToNextMajorVersion;
				minimumVersion = 5.0.0;
			};
		};
		87C5CB172923C5050049814E /* XCRemoteSwiftPackageReference "SDWebImageSwiftUI" */ = {
			isa = XCRemoteSwiftPackageReference;
			repositoryURL = "https://github.com/SDWebImage/SDWebImageSwiftUI.git";
			requirement = {
				kind = upToNextMajorVersion;
				minimumVersion = 2.0.0;
			};
		};
/* End XCRemoteSwiftPackageReference section */

/* Begin XCSwiftPackageProductDependency section */
		419495FD293702DE00349A24 /* SlidingTabView */ = {
			isa = XCSwiftPackageProductDependency;
			package = 419495FC293702DE00349A24 /* XCRemoteSwiftPackageReference "SlidingTabView" */;
			productName = SlidingTabView;
		};
		419509A22934BFD400E417FF /* GoogleSignIn */ = {
			isa = XCSwiftPackageProductDependency;
			package = 419509A12934BFD400E417FF /* XCRemoteSwiftPackageReference "GoogleSignIn-iOS" */;
			productName = GoogleSignIn;
		};
		419509A42934BFD400E417FF /* GoogleSignInSwift */ = {
			isa = XCSwiftPackageProductDependency;
			package = 419509A12934BFD400E417FF /* XCRemoteSwiftPackageReference "GoogleSignIn-iOS" */;
			productName = GoogleSignInSwift;
		};
		419937C9293FDEED00A0516A /* ExpandableText */ = {
			isa = XCSwiftPackageProductDependency;
			package = 419937C8293FDEED00A0516A /* XCRemoteSwiftPackageReference "ExpandableText" */;
			productName = ExpandableText;
		};
		8743D05D291FE49300C1781C /* Alamofire */ = {
			isa = XCSwiftPackageProductDependency;
			package = 8743D05C291FE49300C1781C /* XCRemoteSwiftPackageReference "Alamofire" */;
			productName = Alamofire;
		};
		8771F0752948ED6F00810C65 /* SocketIO */ = {
			isa = XCSwiftPackageProductDependency;
			package = 8771F0742948ED6F00810C65 /* XCRemoteSwiftPackageReference "socket" */;
			productName = SocketIO;
		};
		87A4E8632922B85500E2A505 /* SwiftyJSON */ = {
			isa = XCSwiftPackageProductDependency;
			package = 87A4E8622922B85500E2A505 /* XCRemoteSwiftPackageReference "SwiftyJSON" */;
			productName = SwiftyJSON;
		};
		87C5CB182923C5050049814E /* SDWebImageSwiftUI */ = {
			isa = XCSwiftPackageProductDependency;
			package = 87C5CB172923C5050049814E /* XCRemoteSwiftPackageReference "SDWebImageSwiftUI" */;
			productName = SDWebImageSwiftUI;
		};
/* End XCSwiftPackageProductDependency section */

/* Begin XCVersionGroup section */
		28CABB2229191BC500AED109 /* najahni.xcdatamodeld */ = {
			isa = XCVersionGroup;
			children = (
				28CABB2329191BC500AED109 /* najahni.xcdatamodel */,
			);
			currentVersion = 28CABB2329191BC500AED109 /* najahni.xcdatamodel */;
			path = najahni.xcdatamodeld;
			sourceTree = "<group>";
			versionGroupType = wrapper.xcdatamodel;
		};
/* End XCVersionGroup section */
	};
	rootObject = 28CABB0C29191BC400AED109 /* Project object */;
}
